// !$*UTF8*$!
{
	archiveVersion = 1;
	classes = {
	};
	objectVersion = 55;
	objects = {

/* Begin PBXBuildFile section */
		0E17A3FC2862E8E4002290E6 /* UserStore.swift in Sources */ = {isa = PBXBuildFile; fileRef = 0E17A3FB2862E8E4002290E6 /* UserStore.swift */; };
		0E17A3FE2862E980002290E6 /* Constants.swift in Sources */ = {isa = PBXBuildFile; fileRef = 0E17A3FD2862E980002290E6 /* Constants.swift */; };
		0EB73AD3286C4E2D00B74B4C /* IssueDetailViewController.swift in Sources */ = {isa = PBXBuildFile; fileRef = 0EB73AD1286C4E2D00B74B4C /* IssueDetailViewController.swift */; };
		0EB73AD4286C4E2D00B74B4C /* IssueDetailViewController.xib in Resources */ = {isa = PBXBuildFile; fileRef = 0EB73AD2286C4E2D00B74B4C /* IssueDetailViewController.xib */; };
		0EF7D1392862CA7900E8F787 /* AppUrls.swift in Sources */ = {isa = PBXBuildFile; fileRef = 0EF7D1382862CA7900E8F787 /* AppUrls.swift */; };
		155264EC286B154F0038ABDF /* IssuesListViewController.swift in Sources */ = {isa = PBXBuildFile; fileRef = 155264E7286B154F0038ABDF /* IssuesListViewController.swift */; };
		155264ED286B154F0038ABDF /* IssuesListViewController.xib in Resources */ = {isa = PBXBuildFile; fileRef = 155264E8286B154F0038ABDF /* IssuesListViewController.xib */; };
		155264EE286B154F0038ABDF /* IssueItemTableViewCell.swift in Sources */ = {isa = PBXBuildFile; fileRef = 155264EA286B154F0038ABDF /* IssueItemTableViewCell.swift */; };
		155264EF286B154F0038ABDF /* IssueItemTableViewCell.xib in Resources */ = {isa = PBXBuildFile; fileRef = 155264EB286B154F0038ABDF /* IssueItemTableViewCell.xib */; };
		15BB2952286B18C10062A8E9 /* Issue.swift in Sources */ = {isa = PBXBuildFile; fileRef = 15BB2951286B18C10062A8E9 /* Issue.swift */; };
		15C35FA3286AB693001085AB /* CreateNewGameViewController.xib in Resources */ = {isa = PBXBuildFile; fileRef = 15C35FA0286AB693001085AB /* CreateNewGameViewController.xib */; };
		15C35FA4286AB693001085AB /* CreateNewGameViewController.swift in Sources */ = {isa = PBXBuildFile; fileRef = 15C35FA1286AB693001085AB /* CreateNewGameViewController.swift */; };
		15C35FB3286ABA12001085AB /* UITextFieldExtension.swift in Sources */ = {isa = PBXBuildFile; fileRef = 15C35FB2286ABA12001085AB /* UITextFieldExtension.swift */; };
		1902CF3F2861ABE700E27B00 /* AppViewController.swift in Sources */ = {isa = PBXBuildFile; fileRef = 1902CF3E2861ABE700E27B00 /* AppViewController.swift */; };
		1905F99128608C8800EEF365 /* AppDelegate.swift in Sources */ = {isa = PBXBuildFile; fileRef = 1905F99028608C8800EEF365 /* AppDelegate.swift */; };
		1905F99328608C8800EEF365 /* SceneDelegate.swift in Sources */ = {isa = PBXBuildFile; fileRef = 1905F99228608C8800EEF365 /* SceneDelegate.swift */; };
		1905F99828608C8800EEF365 /* Main.storyboard in Resources */ = {isa = PBXBuildFile; fileRef = 1905F99628608C8800EEF365 /* Main.storyboard */; };
		1905F99A28608C8900EEF365 /* Assets.xcassets in Resources */ = {isa = PBXBuildFile; fileRef = 1905F99928608C8900EEF365 /* Assets.xcassets */; };
		192B1CEE28645890004D9C26 /* GoogleService-Info.plist in Resources */ = {isa = PBXBuildFile; fileRef = 192B1CED28645890004D9C26 /* GoogleService-Info.plist */; };
		192B1CF128645A68004D9C26 /* FirebaseAnalytics in Frameworks */ = {isa = PBXBuildFile; productRef = 192B1CF028645A68004D9C26 /* FirebaseAnalytics */; };
		192B1CF328645A68004D9C26 /* FirebaseAppDistribution-Beta in Frameworks */ = {isa = PBXBuildFile; productRef = 192B1CF228645A68004D9C26 /* FirebaseAppDistribution-Beta */; };
		192B1CF528645A68004D9C26 /* FirebaseCrashlytics in Frameworks */ = {isa = PBXBuildFile; productRef = 192B1CF428645A68004D9C26 /* FirebaseCrashlytics */; };
		192B1CF728645A68004D9C26 /* FirebaseDynamicLinks in Frameworks */ = {isa = PBXBuildFile; productRef = 192B1CF628645A68004D9C26 /* FirebaseDynamicLinks */; };
		192B1CF928645A68004D9C26 /* FirebaseMessaging in Frameworks */ = {isa = PBXBuildFile; productRef = 192B1CF828645A68004D9C26 /* FirebaseMessaging */; };
		19B7C3902861AE3E0047A618 /* Navigator.swift in Sources */ = {isa = PBXBuildFile; fileRef = 19B7C38F2861AE3E0047A618 /* Navigator.swift */; };
		602CDBB128616BB400E2EA30 /* UIViewExtension.swift in Sources */ = {isa = PBXBuildFile; fileRef = 602CDBB028616BB400E2EA30 /* UIViewExtension.swift */; };
		602CDBB328616CBA00E2EA30 /* Icon.xcassets in Resources */ = {isa = PBXBuildFile; fileRef = 602CDBB228616CBA00E2EA30 /* Icon.xcassets */; };
		602CDBB928616D6D00E2EA30 /* SocketManager.swift in Sources */ = {isa = PBXBuildFile; fileRef = 602CDBB828616D6D00E2EA30 /* SocketManager.swift */; };
		602CDBCD2861741800E2EA30 /* APIRouter.swift in Sources */ = {isa = PBXBuildFile; fileRef = 602CDBC62861741600E2EA30 /* APIRouter.swift */; };
		602CDBCE2861741800E2EA30 /* Configuration.swift in Sources */ = {isa = PBXBuildFile; fileRef = 602CDBC72861741700E2EA30 /* Configuration.swift */; };
		602CDBCF2861741800E2EA30 /* APIError.swift in Sources */ = {isa = PBXBuildFile; fileRef = 602CDBC82861741700E2EA30 /* APIError.swift */; };
		602CDBD02861741800E2EA30 /* Reachability.swift in Sources */ = {isa = PBXBuildFile; fileRef = 602CDBC92861741700E2EA30 /* Reachability.swift */; };
		602CDBD12861741800E2EA30 /* SwiftiJSON.swift in Sources */ = {isa = PBXBuildFile; fileRef = 602CDBCA2861741700E2EA30 /* SwiftiJSON.swift */; };
		602CDBD22861741800E2EA30 /* ProgressView.swift in Sources */ = {isa = PBXBuildFile; fileRef = 602CDBCB2861741700E2EA30 /* ProgressView.swift */; };
		602CDBD32861741800E2EA30 /* APIRequest.swift in Sources */ = {isa = PBXBuildFile; fileRef = 602CDBCC2861741800E2EA30 /* APIRequest.swift */; };
		602CDBD72861759700E2EA30 /* WelcomeViewController.swift in Sources */ = {isa = PBXBuildFile; fileRef = 602CDBD52861759700E2EA30 /* WelcomeViewController.swift */; };
		602CDBD82861759700E2EA30 /* WelcomeViewController.xib in Resources */ = {isa = PBXBuildFile; fileRef = 602CDBD62861759700E2EA30 /* WelcomeViewController.xib */; };
		602CDBDB2861762300E2EA30 /* StringExtension.swift in Sources */ = {isa = PBXBuildFile; fileRef = 602CDBDA2861762300E2EA30 /* StringExtension.swift */; };
		60465B732862B2100082956B /* (null) in Sources */ = {isa = PBXBuildFile; };
		6051A86228644B38008A6715 /* Poppins-Light.ttf in Resources */ = {isa = PBXBuildFile; fileRef = 6051A85928644B38008A6715 /* Poppins-Light.ttf */; };
		6051A86328644B38008A6715 /* Poppins-Medium.ttf in Resources */ = {isa = PBXBuildFile; fileRef = 6051A85A28644B38008A6715 /* Poppins-Medium.ttf */; };
		6051A86428644B38008A6715 /* Poppins-ExtraBold.ttf in Resources */ = {isa = PBXBuildFile; fileRef = 6051A85B28644B38008A6715 /* Poppins-ExtraBold.ttf */; };
		6051A86528644B38008A6715 /* Poppins-Regular.ttf in Resources */ = {isa = PBXBuildFile; fileRef = 6051A85C28644B38008A6715 /* Poppins-Regular.ttf */; };
		6051A86628644B38008A6715 /* Poppins-LightItalic.ttf in Resources */ = {isa = PBXBuildFile; fileRef = 6051A85D28644B38008A6715 /* Poppins-LightItalic.ttf */; };
		6051A86728644B38008A6715 /* Poppins-Bold.ttf in Resources */ = {isa = PBXBuildFile; fileRef = 6051A85E28644B38008A6715 /* Poppins-Bold.ttf */; };
		6051A86828644B38008A6715 /* Poppins-SemiBold.ttf in Resources */ = {isa = PBXBuildFile; fileRef = 6051A85F28644B38008A6715 /* Poppins-SemiBold.ttf */; };
		6051A86928644B38008A6715 /* Poppins-Italic.ttf in Resources */ = {isa = PBXBuildFile; fileRef = 6051A86028644B38008A6715 /* Poppins-Italic.ttf */; };
		6051A86A28644B38008A6715 /* Poppins-MediumItalic.ttf in Resources */ = {isa = PBXBuildFile; fileRef = 6051A86128644B38008A6715 /* Poppins-MediumItalic.ttf */; };
		6051A87228644E3F008A6715 /* CreateNewGameViewController.xib in Resources */ = {isa = PBXBuildFile; fileRef = 6051A86F28644E3E008A6715 /* CreateNewGameViewController.xib */; };
		6051A87328644E3F008A6715 /* CreateNewGameViewController.swift in Sources */ = {isa = PBXBuildFile; fileRef = 6051A87028644E3E008A6715 /* CreateNewGameViewController.swift */; };
		60B6C9F52861B8BC00DC3270 /* (null) in Resources */ = {isa = PBXBuildFile; };
		60B6C9F72861B8BC00DC3270 /* (null) in Resources */ = {isa = PBXBuildFile; };
		60B6C9F92861B8BC00DC3270 /* (null) in Resources */ = {isa = PBXBuildFile; };
		60C82C4928644771002E2DC2 /* User.swift in Sources */ = {isa = PBXBuildFile; fileRef = 60C82C4428644771002E2DC2 /* User.swift */; };
		60C82C4A28644771002E2DC2 /* SignUpViewController.swift in Sources */ = {isa = PBXBuildFile; fileRef = 60C82C4628644771002E2DC2 /* SignUpViewController.swift */; };
		60C82C4B28644771002E2DC2 /* SignUpViewController.xib in Resources */ = {isa = PBXBuildFile; fileRef = 60C82C4728644771002E2DC2 /* SignUpViewController.xib */; };
		73366F4052E4C04E75BD5716 /* Pods_planning_pocker.framework in Frameworks */ = {isa = PBXBuildFile; fileRef = 43860CEF8286EACD0555BCDF /* Pods_planning_pocker.framework */; };
		910317B3286BF76400BAE25C /* PaddingLabels.swift in Sources */ = {isa = PBXBuildFile; fileRef = 910317B2286BF76400BAE25C /* PaddingLabels.swift */; };
		910317B5286C00C200BAE25C /* MultilineTextViews.swift in Sources */ = {isa = PBXBuildFile; fileRef = 910317B4286C00C200BAE25C /* MultilineTextViews.swift */; };
		9146BC8F286302D4001D4B7B /* UIClolorExtension.swift in Sources */ = {isa = PBXBuildFile; fileRef = 9146BC8E286302D4001D4B7B /* UIClolorExtension.swift */; };
		9146BC92286304CB001D4B7B /* StartLaunchScreen.storyboard in Resources */ = {isa = PBXBuildFile; fileRef = 9146BC91286304CB001D4B7B /* StartLaunchScreen.storyboard */; };
		9146BC992863071B001D4B7B /* SignInViewController.swift in Sources */ = {isa = PBXBuildFile; fileRef = 9146BC972863071B001D4B7B /* SignInViewController.swift */; };
		9146BC9A2863071B001D4B7B /* SignInViewController.xib in Resources */ = {isa = PBXBuildFile; fileRef = 9146BC982863071B001D4B7B /* SignInViewController.xib */; };
		9146BC9D2863178D001D4B7B /* UIViewControllerExtension.swift in Sources */ = {isa = PBXBuildFile; fileRef = 9146BC9C2863178D001D4B7B /* UIViewControllerExtension.swift */; };
		91E3334B286EF79D0011F199 /* SignOutViewController.swift in Sources */ = {isa = PBXBuildFile; fileRef = 91E33349286EF79D0011F199 /* SignOutViewController.swift */; };
		91E3334C286EF79E0011F199 /* SignOutViewController.xib in Resources */ = {isa = PBXBuildFile; fileRef = 91E3334A286EF79D0011F199 /* SignOutViewController.xib */; };
		94344E1F286C04D100F40565 /* ListIssue.swift in Sources */ = {isa = PBXBuildFile; fileRef = 94344E1E286C04D100F40565 /* ListIssue.swift */; };
		94344E24286C141800F40565 /* ButtonItemTableViewCell.swift in Sources */ = {isa = PBXBuildFile; fileRef = 94344E22286C141800F40565 /* ButtonItemTableViewCell.swift */; };
		94344E25286C141800F40565 /* ButtonItemTableViewCell.xib in Resources */ = {isa = PBXBuildFile; fileRef = 94344E23286C141800F40565 /* ButtonItemTableViewCell.xib */; };
		94344E2F286C6C8A00F40565 /* LeftMenuModel.swift in Sources */ = {isa = PBXBuildFile; fileRef = 94344E2E286C6C8A00F40565 /* LeftMenuModel.swift */; };
		94344E32286C6D1000F40565 /* LeftMenuTableViewCell.swift in Sources */ = {isa = PBXBuildFile; fileRef = 94344E30286C6D1000F40565 /* LeftMenuTableViewCell.swift */; };
		94344E33286C6D1000F40565 /* LeftMenuTableViewCell.xib in Resources */ = {isa = PBXBuildFile; fileRef = 94344E31286C6D1000F40565 /* LeftMenuTableViewCell.xib */; };
		94344E3A286D824600F40565 /* EditProfileView.swift in Sources */ = {isa = PBXBuildFile; fileRef = 94344E39286D824600F40565 /* EditProfileView.swift */; };
		94344E3C286D825700F40565 /* EditProfileView.xib in Resources */ = {isa = PBXBuildFile; fileRef = 94344E3B286D825700F40565 /* EditProfileView.xib */; };
		94514C2A2872E4C00097214C /* LeftMenuViewController.swift in Sources */ = {isa = PBXBuildFile; fileRef = 94514C282872E4BF0097214C /* LeftMenuViewController.swift */; };
		94514C2B2872E4C00097214C /* LeftMenuViewController.xib in Resources */ = {isa = PBXBuildFile; fileRef = 94514C292872E4C00097214C /* LeftMenuViewController.xib */; };
		94CC625028695AC20029674B /* InvitePlayerViewController.swift in Sources */ = {isa = PBXBuildFile; fileRef = 94CC624E28695AC20029674B /* InvitePlayerViewController.swift */; };
		94CC625128695AC20029674B /* InvitePlayerViewController.xib in Resources */ = {isa = PBXBuildFile; fileRef = 94CC624F28695AC20029674B /* InvitePlayerViewController.xib */; };
		94CC6265286A9C5E0029674B /* CreateIssueViewController.swift in Sources */ = {isa = PBXBuildFile; fileRef = 94CC6263286A9C5E0029674B /* CreateIssueViewController.swift */; };
		94CC6266286A9C5E0029674B /* CreateIssueViewController.xib in Resources */ = {isa = PBXBuildFile; fileRef = 94CC6264286A9C5E0029674B /* CreateIssueViewController.xib */; };
		BA084D6B2864085500A14A37 /* PlayerModel.swift in Sources */ = {isa = PBXBuildFile; fileRef = BA084D6A2864085500A14A37 /* PlayerModel.swift */; };
		BA084D6E2864169B00A14A37 /* BoardInfoView.xib in Resources */ = {isa = PBXBuildFile; fileRef = BA084D6D2864169B00A14A37 /* BoardInfoView.xib */; };
		BA084D72286416F800A14A37 /* BoardInfoView.swift in Sources */ = {isa = PBXBuildFile; fileRef = BA084D71286416F800A14A37 /* BoardInfoView.swift */; };
		BA3FE10E2862BC9D00779BE3 /* UIColor.swift in Sources */ = {isa = PBXBuildFile; fileRef = BA3FE10D2862BC9D00779BE3 /* UIColor.swift */; };
		BA3FE1142862C44B00779BE3 /* CardMainPlayerCollectionViewCell.swift in Sources */ = {isa = PBXBuildFile; fileRef = BA3FE1122862C44B00779BE3 /* CardMainPlayerCollectionViewCell.swift */; };
		BA3FE1152862C44B00779BE3 /* CardMainPlayerCollectionViewCell.xib in Resources */ = {isa = PBXBuildFile; fileRef = BA3FE1132862C44B00779BE3 /* CardMainPlayerCollectionViewCell.xib */; };
		BA3FE1182862C45E00779BE3 /* CardOtherPlayersCollectionViewCell.swift in Sources */ = {isa = PBXBuildFile; fileRef = BA3FE1162862C45E00779BE3 /* CardOtherPlayersCollectionViewCell.swift */; };
		BA3FE1192862C45E00779BE3 /* CardOtherPlayersCollectionViewCell.xib in Resources */ = {isa = PBXBuildFile; fileRef = BA3FE1172862C45E00779BE3 /* CardOtherPlayersCollectionViewCell.xib */; };
		BA3FE11B2862D57A00779BE3 /* UIImageExtension.swift in Sources */ = {isa = PBXBuildFile; fileRef = BA3FE11A2862D57A00779BE3 /* UIImageExtension.swift */; };
		BA3FE11D2862F9AA00779BE3 /* GameModel.swift in Sources */ = {isa = PBXBuildFile; fileRef = BA3FE11C2862F9AA00779BE3 /* GameModel.swift */; };
		BAD51B2C2861B50D002961A7 /* ChooseCardViewController.swift in Sources */ = {isa = PBXBuildFile; fileRef = BAD51B292861B50D002961A7 /* ChooseCardViewController.swift */; };
		BAD51B2D2861B50D002961A7 /* ChooseCardViewController.xib in Resources */ = {isa = PBXBuildFile; fileRef = BAD51B2A2861B50D002961A7 /* ChooseCardViewController.xib */; };
		BAD51B302861C387002961A7 /* CardToSelectCollectionViewCell.swift in Sources */ = {isa = PBXBuildFile; fileRef = BAD51B2E2861C387002961A7 /* CardToSelectCollectionViewCell.swift */; };
		BAD51B312861C387002961A7 /* CardToSelectCollectionViewCell.xib in Resources */ = {isa = PBXBuildFile; fileRef = BAD51B2F2861C387002961A7 /* CardToSelectCollectionViewCell.xib */; };
/* End PBXBuildFile section */

/* Begin PBXFileReference section */
		05FFDA9C20FAB14AAEB84E97 /* Pods-planning-pocker.release.xcconfig */ = {isa = PBXFileReference; includeInIndex = 1; lastKnownFileType = text.xcconfig; name = "Pods-planning-pocker.release.xcconfig"; path = "Target Support Files/Pods-planning-pocker/Pods-planning-pocker.release.xcconfig"; sourceTree = "<group>"; };
		0E17A3FB2862E8E4002290E6 /* UserStore.swift */ = {isa = PBXFileReference; lastKnownFileType = sourcecode.swift; path = UserStore.swift; sourceTree = "<group>"; };
		0E17A3FD2862E980002290E6 /* Constants.swift */ = {isa = PBXFileReference; lastKnownFileType = sourcecode.swift; path = Constants.swift; sourceTree = "<group>"; };
		0EB73AD1286C4E2D00B74B4C /* IssueDetailViewController.swift */ = {isa = PBXFileReference; lastKnownFileType = sourcecode.swift; path = IssueDetailViewController.swift; sourceTree = "<group>"; };
		0EB73AD2286C4E2D00B74B4C /* IssueDetailViewController.xib */ = {isa = PBXFileReference; lastKnownFileType = file.xib; path = IssueDetailViewController.xib; sourceTree = "<group>"; };
		0EF7D1382862CA7900E8F787 /* AppUrls.swift */ = {isa = PBXFileReference; lastKnownFileType = sourcecode.swift; path = AppUrls.swift; sourceTree = "<group>"; };
		155264E7286B154F0038ABDF /* IssuesListViewController.swift */ = {isa = PBXFileReference; fileEncoding = 4; lastKnownFileType = sourcecode.swift; path = IssuesListViewController.swift; sourceTree = "<group>"; };
		155264E8286B154F0038ABDF /* IssuesListViewController.xib */ = {isa = PBXFileReference; fileEncoding = 4; lastKnownFileType = file.xib; path = IssuesListViewController.xib; sourceTree = "<group>"; };
		155264EA286B154F0038ABDF /* IssueItemTableViewCell.swift */ = {isa = PBXFileReference; fileEncoding = 4; lastKnownFileType = sourcecode.swift; path = IssueItemTableViewCell.swift; sourceTree = "<group>"; };
		155264EB286B154F0038ABDF /* IssueItemTableViewCell.xib */ = {isa = PBXFileReference; fileEncoding = 4; lastKnownFileType = file.xib; path = IssueItemTableViewCell.xib; sourceTree = "<group>"; };
		15BB2951286B18C10062A8E9 /* Issue.swift */ = {isa = PBXFileReference; fileEncoding = 4; lastKnownFileType = sourcecode.swift; path = Issue.swift; sourceTree = "<group>"; };
		15C35FA0286AB693001085AB /* CreateNewGameViewController.xib */ = {isa = PBXFileReference; fileEncoding = 4; lastKnownFileType = file.xib; path = CreateNewGameViewController.xib; sourceTree = "<group>"; };
		15C35FA1286AB693001085AB /* CreateNewGameViewController.swift */ = {isa = PBXFileReference; fileEncoding = 4; lastKnownFileType = sourcecode.swift; path = CreateNewGameViewController.swift; sourceTree = "<group>"; };
		15C35FB2286ABA12001085AB /* UITextFieldExtension.swift */ = {isa = PBXFileReference; fileEncoding = 4; lastKnownFileType = sourcecode.swift; path = UITextFieldExtension.swift; sourceTree = "<group>"; };
		15C35FB4286AD8B8001085AB /* Issue.swift */ = {isa = PBXFileReference; lastKnownFileType = sourcecode.swift; path = Issue.swift; sourceTree = "<group>"; };
		1902CF3E2861ABE700E27B00 /* AppViewController.swift */ = {isa = PBXFileReference; lastKnownFileType = sourcecode.swift; path = AppViewController.swift; sourceTree = "<group>"; };
		1905F98D28608C8800EEF365 /* planning-pocker.app */ = {isa = PBXFileReference; explicitFileType = wrapper.application; includeInIndex = 0; path = "planning-pocker.app"; sourceTree = BUILT_PRODUCTS_DIR; };
		1905F99028608C8800EEF365 /* AppDelegate.swift */ = {isa = PBXFileReference; lastKnownFileType = sourcecode.swift; path = AppDelegate.swift; sourceTree = "<group>"; };
		1905F99228608C8800EEF365 /* SceneDelegate.swift */ = {isa = PBXFileReference; lastKnownFileType = sourcecode.swift; path = SceneDelegate.swift; sourceTree = "<group>"; };
		1905F99728608C8800EEF365 /* Base */ = {isa = PBXFileReference; lastKnownFileType = file.storyboard; name = Base; path = Base.lproj/Main.storyboard; sourceTree = "<group>"; };
		1905F99928608C8900EEF365 /* Assets.xcassets */ = {isa = PBXFileReference; lastKnownFileType = folder.assetcatalog; path = Assets.xcassets; sourceTree = "<group>"; };
		1905F99E28608C8900EEF365 /* Info.plist */ = {isa = PBXFileReference; lastKnownFileType = text.plist.xml; path = Info.plist; sourceTree = "<group>"; };
		192B1CED28645890004D9C26 /* GoogleService-Info.plist */ = {isa = PBXFileReference; fileEncoding = 4; lastKnownFileType = text.plist.xml; path = "GoogleService-Info.plist"; sourceTree = "<group>"; };
		19B7C38F2861AE3E0047A618 /* Navigator.swift */ = {isa = PBXFileReference; lastKnownFileType = sourcecode.swift; path = Navigator.swift; sourceTree = "<group>"; };
		43860CEF8286EACD0555BCDF /* Pods_planning_pocker.framework */ = {isa = PBXFileReference; explicitFileType = wrapper.framework; includeInIndex = 0; path = Pods_planning_pocker.framework; sourceTree = BUILT_PRODUCTS_DIR; };
		602CDBB028616BB400E2EA30 /* UIViewExtension.swift */ = {isa = PBXFileReference; lastKnownFileType = sourcecode.swift; path = UIViewExtension.swift; sourceTree = "<group>"; };
		602CDBB228616CBA00E2EA30 /* Icon.xcassets */ = {isa = PBXFileReference; lastKnownFileType = folder.assetcatalog; path = Icon.xcassets; sourceTree = "<group>"; };
		602CDBB828616D6D00E2EA30 /* SocketManager.swift */ = {isa = PBXFileReference; lastKnownFileType = sourcecode.swift; path = SocketManager.swift; sourceTree = "<group>"; };
		602CDBC62861741600E2EA30 /* APIRouter.swift */ = {isa = PBXFileReference; fileEncoding = 4; lastKnownFileType = sourcecode.swift; path = APIRouter.swift; sourceTree = "<group>"; };
		602CDBC72861741700E2EA30 /* Configuration.swift */ = {isa = PBXFileReference; fileEncoding = 4; lastKnownFileType = sourcecode.swift; path = Configuration.swift; sourceTree = "<group>"; };
		602CDBC82861741700E2EA30 /* APIError.swift */ = {isa = PBXFileReference; fileEncoding = 4; lastKnownFileType = sourcecode.swift; path = APIError.swift; sourceTree = "<group>"; };
		602CDBC92861741700E2EA30 /* Reachability.swift */ = {isa = PBXFileReference; fileEncoding = 4; lastKnownFileType = sourcecode.swift; path = Reachability.swift; sourceTree = "<group>"; };
		602CDBCA2861741700E2EA30 /* SwiftiJSON.swift */ = {isa = PBXFileReference; fileEncoding = 4; lastKnownFileType = sourcecode.swift; path = SwiftiJSON.swift; sourceTree = "<group>"; };
		602CDBCB2861741700E2EA30 /* ProgressView.swift */ = {isa = PBXFileReference; fileEncoding = 4; lastKnownFileType = sourcecode.swift; path = ProgressView.swift; sourceTree = "<group>"; };
		602CDBCC2861741800E2EA30 /* APIRequest.swift */ = {isa = PBXFileReference; fileEncoding = 4; lastKnownFileType = sourcecode.swift; path = APIRequest.swift; sourceTree = "<group>"; };
		602CDBD52861759700E2EA30 /* WelcomeViewController.swift */ = {isa = PBXFileReference; lastKnownFileType = sourcecode.swift; path = WelcomeViewController.swift; sourceTree = "<group>"; };
		602CDBD62861759700E2EA30 /* WelcomeViewController.xib */ = {isa = PBXFileReference; lastKnownFileType = file.xib; path = WelcomeViewController.xib; sourceTree = "<group>"; };
		602CDBDA2861762300E2EA30 /* StringExtension.swift */ = {isa = PBXFileReference; lastKnownFileType = sourcecode.swift; path = StringExtension.swift; sourceTree = "<group>"; };
		6051A85928644B38008A6715 /* Poppins-Light.ttf */ = {isa = PBXFileReference; lastKnownFileType = file; path = "Poppins-Light.ttf"; sourceTree = "<group>"; };
		6051A85A28644B38008A6715 /* Poppins-Medium.ttf */ = {isa = PBXFileReference; lastKnownFileType = file; path = "Poppins-Medium.ttf"; sourceTree = "<group>"; };
		6051A85B28644B38008A6715 /* Poppins-ExtraBold.ttf */ = {isa = PBXFileReference; lastKnownFileType = file; path = "Poppins-ExtraBold.ttf"; sourceTree = "<group>"; };
		6051A85C28644B38008A6715 /* Poppins-Regular.ttf */ = {isa = PBXFileReference; lastKnownFileType = file; path = "Poppins-Regular.ttf"; sourceTree = "<group>"; };
		6051A85D28644B38008A6715 /* Poppins-LightItalic.ttf */ = {isa = PBXFileReference; lastKnownFileType = file; path = "Poppins-LightItalic.ttf"; sourceTree = "<group>"; };
		6051A85E28644B38008A6715 /* Poppins-Bold.ttf */ = {isa = PBXFileReference; lastKnownFileType = file; path = "Poppins-Bold.ttf"; sourceTree = "<group>"; };
		6051A85F28644B38008A6715 /* Poppins-SemiBold.ttf */ = {isa = PBXFileReference; lastKnownFileType = file; path = "Poppins-SemiBold.ttf"; sourceTree = "<group>"; };
		6051A86028644B38008A6715 /* Poppins-Italic.ttf */ = {isa = PBXFileReference; lastKnownFileType = file; path = "Poppins-Italic.ttf"; sourceTree = "<group>"; };
		6051A86128644B38008A6715 /* Poppins-MediumItalic.ttf */ = {isa = PBXFileReference; lastKnownFileType = file; path = "Poppins-MediumItalic.ttf"; sourceTree = "<group>"; };
		6051A86F28644E3E008A6715 /* CreateNewGameViewController.xib */ = {isa = PBXFileReference; fileEncoding = 4; lastKnownFileType = file.xib; path = CreateNewGameViewController.xib; sourceTree = "<group>"; };
		6051A87028644E3E008A6715 /* CreateNewGameViewController.swift */ = {isa = PBXFileReference; fileEncoding = 4; lastKnownFileType = sourcecode.swift; path = CreateNewGameViewController.swift; sourceTree = "<group>"; };
		60C82C4428644771002E2DC2 /* User.swift */ = {isa = PBXFileReference; fileEncoding = 4; lastKnownFileType = sourcecode.swift; path = User.swift; sourceTree = "<group>"; };
		60C82C4628644771002E2DC2 /* SignUpViewController.swift */ = {isa = PBXFileReference; fileEncoding = 4; lastKnownFileType = sourcecode.swift; path = SignUpViewController.swift; sourceTree = "<group>"; };
		60C82C4728644771002E2DC2 /* SignUpViewController.xib */ = {isa = PBXFileReference; fileEncoding = 4; lastKnownFileType = file.xib; path = SignUpViewController.xib; sourceTree = "<group>"; };
		910317B2286BF76400BAE25C /* PaddingLabels.swift */ = {isa = PBXFileReference; lastKnownFileType = sourcecode.swift; path = PaddingLabels.swift; sourceTree = "<group>"; };
		910317B4286C00C200BAE25C /* MultilineTextViews.swift */ = {isa = PBXFileReference; lastKnownFileType = sourcecode.swift; path = MultilineTextViews.swift; sourceTree = "<group>"; };
		9146BC8E286302D4001D4B7B /* UIClolorExtension.swift */ = {isa = PBXFileReference; lastKnownFileType = sourcecode.swift; path = UIClolorExtension.swift; sourceTree = "<group>"; };
		9146BC91286304CB001D4B7B /* StartLaunchScreen.storyboard */ = {isa = PBXFileReference; lastKnownFileType = file.storyboard; path = StartLaunchScreen.storyboard; sourceTree = "<group>"; };
		9146BC972863071B001D4B7B /* SignInViewController.swift */ = {isa = PBXFileReference; lastKnownFileType = sourcecode.swift; path = SignInViewController.swift; sourceTree = "<group>"; };
		9146BC982863071B001D4B7B /* SignInViewController.xib */ = {isa = PBXFileReference; lastKnownFileType = file.xib; path = SignInViewController.xib; sourceTree = "<group>"; };
		9146BC9C2863178D001D4B7B /* UIViewControllerExtension.swift */ = {isa = PBXFileReference; lastKnownFileType = sourcecode.swift; path = UIViewControllerExtension.swift; sourceTree = "<group>"; };
		91E33349286EF79D0011F199 /* SignOutViewController.swift */ = {isa = PBXFileReference; lastKnownFileType = sourcecode.swift; path = SignOutViewController.swift; sourceTree = "<group>"; };
		91E3334A286EF79D0011F199 /* SignOutViewController.xib */ = {isa = PBXFileReference; lastKnownFileType = file.xib; path = SignOutViewController.xib; sourceTree = "<group>"; };
		94344E1E286C04D100F40565 /* ListIssue.swift */ = {isa = PBXFileReference; lastKnownFileType = sourcecode.swift; path = ListIssue.swift; sourceTree = "<group>"; };
		94344E22286C141800F40565 /* ButtonItemTableViewCell.swift */ = {isa = PBXFileReference; lastKnownFileType = sourcecode.swift; path = ButtonItemTableViewCell.swift; sourceTree = "<group>"; };
		94344E23286C141800F40565 /* ButtonItemTableViewCell.xib */ = {isa = PBXFileReference; lastKnownFileType = file.xib; path = ButtonItemTableViewCell.xib; sourceTree = "<group>"; };
		94344E2E286C6C8A00F40565 /* LeftMenuModel.swift */ = {isa = PBXFileReference; lastKnownFileType = sourcecode.swift; path = LeftMenuModel.swift; sourceTree = "<group>"; };
		94344E30286C6D1000F40565 /* LeftMenuTableViewCell.swift */ = {isa = PBXFileReference; lastKnownFileType = sourcecode.swift; path = LeftMenuTableViewCell.swift; sourceTree = "<group>"; };
		94344E31286C6D1000F40565 /* LeftMenuTableViewCell.xib */ = {isa = PBXFileReference; lastKnownFileType = file.xib; path = LeftMenuTableViewCell.xib; sourceTree = "<group>"; };
		94344E39286D824600F40565 /* EditProfileView.swift */ = {isa = PBXFileReference; lastKnownFileType = sourcecode.swift; path = EditProfileView.swift; sourceTree = "<group>"; };
		94344E3B286D825700F40565 /* EditProfileView.xib */ = {isa = PBXFileReference; lastKnownFileType = file.xib; path = EditProfileView.xib; sourceTree = "<group>"; };
		94514C282872E4BF0097214C /* LeftMenuViewController.swift */ = {isa = PBXFileReference; fileEncoding = 4; lastKnownFileType = sourcecode.swift; path = LeftMenuViewController.swift; sourceTree = "<group>"; };
		94514C292872E4C00097214C /* LeftMenuViewController.xib */ = {isa = PBXFileReference; fileEncoding = 4; lastKnownFileType = file.xib; path = LeftMenuViewController.xib; sourceTree = "<group>"; };
		94CC624E28695AC20029674B /* InvitePlayerViewController.swift */ = {isa = PBXFileReference; lastKnownFileType = sourcecode.swift; path = InvitePlayerViewController.swift; sourceTree = "<group>"; };
		94CC624F28695AC20029674B /* InvitePlayerViewController.xib */ = {isa = PBXFileReference; lastKnownFileType = file.xib; path = InvitePlayerViewController.xib; sourceTree = "<group>"; };
		94CC6263286A9C5E0029674B /* CreateIssueViewController.swift */ = {isa = PBXFileReference; lastKnownFileType = sourcecode.swift; path = CreateIssueViewController.swift; sourceTree = "<group>"; };
		94CC6264286A9C5E0029674B /* CreateIssueViewController.xib */ = {isa = PBXFileReference; lastKnownFileType = file.xib; path = CreateIssueViewController.xib; sourceTree = "<group>"; };
		BA084D6A2864085500A14A37 /* PlayerModel.swift */ = {isa = PBXFileReference; lastKnownFileType = sourcecode.swift; path = PlayerModel.swift; sourceTree = "<group>"; };
		BA084D6D2864169B00A14A37 /* BoardInfoView.xib */ = {isa = PBXFileReference; lastKnownFileType = file.xib; path = BoardInfoView.xib; sourceTree = "<group>"; };
		BA084D71286416F800A14A37 /* BoardInfoView.swift */ = {isa = PBXFileReference; lastKnownFileType = sourcecode.swift; path = BoardInfoView.swift; sourceTree = "<group>"; };
		BA3FE10D2862BC9D00779BE3 /* UIColor.swift */ = {isa = PBXFileReference; lastKnownFileType = sourcecode.swift; name = UIColor.swift; path = "planning-pocker/Scenes/ChooseCard/Views/UIColor.swift"; sourceTree = SOURCE_ROOT; };
		BA3FE1122862C44B00779BE3 /* CardMainPlayerCollectionViewCell.swift */ = {isa = PBXFileReference; lastKnownFileType = sourcecode.swift; path = CardMainPlayerCollectionViewCell.swift; sourceTree = "<group>"; };
		BA3FE1132862C44B00779BE3 /* CardMainPlayerCollectionViewCell.xib */ = {isa = PBXFileReference; lastKnownFileType = file.xib; path = CardMainPlayerCollectionViewCell.xib; sourceTree = "<group>"; };
		BA3FE1162862C45E00779BE3 /* CardOtherPlayersCollectionViewCell.swift */ = {isa = PBXFileReference; lastKnownFileType = sourcecode.swift; path = CardOtherPlayersCollectionViewCell.swift; sourceTree = "<group>"; };
		BA3FE1172862C45E00779BE3 /* CardOtherPlayersCollectionViewCell.xib */ = {isa = PBXFileReference; lastKnownFileType = file.xib; path = CardOtherPlayersCollectionViewCell.xib; sourceTree = "<group>"; };
		BA3FE11A2862D57A00779BE3 /* UIImageExtension.swift */ = {isa = PBXFileReference; lastKnownFileType = sourcecode.swift; path = UIImageExtension.swift; sourceTree = "<group>"; };
		BA3FE11C2862F9AA00779BE3 /* GameModel.swift */ = {isa = PBXFileReference; lastKnownFileType = sourcecode.swift; path = GameModel.swift; sourceTree = "<group>"; };
		BAD51B292861B50D002961A7 /* ChooseCardViewController.swift */ = {isa = PBXFileReference; fileEncoding = 4; lastKnownFileType = sourcecode.swift; path = ChooseCardViewController.swift; sourceTree = "<group>"; };
		BAD51B2A2861B50D002961A7 /* ChooseCardViewController.xib */ = {isa = PBXFileReference; fileEncoding = 4; lastKnownFileType = file.xib; path = ChooseCardViewController.xib; sourceTree = "<group>"; };
		BAD51B2E2861C387002961A7 /* CardToSelectCollectionViewCell.swift */ = {isa = PBXFileReference; lastKnownFileType = sourcecode.swift; path = CardToSelectCollectionViewCell.swift; sourceTree = "<group>"; };
		BAD51B2F2861C387002961A7 /* CardToSelectCollectionViewCell.xib */ = {isa = PBXFileReference; lastKnownFileType = file.xib; path = CardToSelectCollectionViewCell.xib; sourceTree = "<group>"; };
		F8CEA5DC02FE6DE4EE6A19B1 /* Pods-planning-pocker.debug.xcconfig */ = {isa = PBXFileReference; includeInIndex = 1; lastKnownFileType = text.xcconfig; name = "Pods-planning-pocker.debug.xcconfig"; path = "Target Support Files/Pods-planning-pocker/Pods-planning-pocker.debug.xcconfig"; sourceTree = "<group>"; };
/* End PBXFileReference section */

/* Begin PBXFrameworksBuildPhase section */
		1905F98A28608C8800EEF365 /* Frameworks */ = {
			isa = PBXFrameworksBuildPhase;
			buildActionMask = 2147483647;
			files = (
				192B1CF928645A68004D9C26 /* FirebaseMessaging in Frameworks */,
				192B1CF128645A68004D9C26 /* FirebaseAnalytics in Frameworks */,
				192B1CF528645A68004D9C26 /* FirebaseCrashlytics in Frameworks */,
				73366F4052E4C04E75BD5716 /* Pods_planning_pocker.framework in Frameworks */,
				192B1CF328645A68004D9C26 /* FirebaseAppDistribution-Beta in Frameworks */,
				192B1CF728645A68004D9C26 /* FirebaseDynamicLinks in Frameworks */,
			);
			runOnlyForDeploymentPostprocessing = 0;
		};
/* End PBXFrameworksBuildPhase section */

/* Begin PBXGroup section */
		0EF7D1372862CA4400E8F787 /* Utilities */ = {
			isa = PBXGroup;
			children = (
				0EF7D1382862CA7900E8F787 /* AppUrls.swift */,
				0E17A3FD2862E980002290E6 /* Constants.swift */,
			);
			path = Utilities;
			sourceTree = "<group>";
		};
		155264E4286B154F0038ABDF /* IssuesList */ = {
			isa = PBXGroup;
			children = (
				155264E5286B154F0038ABDF /* Models */,
				155264E6286B154F0038ABDF /* ViewControllers */,
				155264E9286B154F0038ABDF /* Views */,
			);
			path = IssuesList;
			sourceTree = "<group>";
		};
		155264E5286B154F0038ABDF /* Models */ = {
			isa = PBXGroup;
			children = (
				15BB2951286B18C10062A8E9 /* Issue.swift */,
				94344E1E286C04D100F40565 /* ListIssue.swift */,
			);
			path = Models;
			sourceTree = "<group>";
		};
		155264E6286B154F0038ABDF /* ViewControllers */ = {
			isa = PBXGroup;
			children = (
				155264E7286B154F0038ABDF /* IssuesListViewController.swift */,
				155264E8286B154F0038ABDF /* IssuesListViewController.xib */,
			);
			path = ViewControllers;
			sourceTree = "<group>";
		};
		155264E9286B154F0038ABDF /* Views */ = {
			isa = PBXGroup;
			children = (
				94344E21286C13E600F40565 /* ButtonItemTableViewCell */,
				94344E20286C13D000F40565 /* IssueItemTableViewCell */,
			);
			path = Views;
			sourceTree = "<group>";
		};
		15C35F9D286AB693001085AB /* CreateNewGame */ = {
			isa = PBXGroup;
			children = (
				15C35F9E286AB693001085AB /* Models */,
				15C35F9F286AB693001085AB /* ViewControllers */,
				15C35FA2286AB693001085AB /* Views */,
			);
			path = CreateNewGame;
			sourceTree = "<group>";
		};
		15C35F9E286AB693001085AB /* Models */ = {
			isa = PBXGroup;
			children = (
				BA3FE11C2862F9AA00779BE3 /* GameModel.swift */,
			);
			path = Models;
			sourceTree = "<group>";
		};
		15C35F9F286AB693001085AB /* ViewControllers */ = {
			isa = PBXGroup;
			children = (
				15C35FA0286AB693001085AB /* CreateNewGameViewController.xib */,
				15C35FA1286AB693001085AB /* CreateNewGameViewController.swift */,
			);
			path = ViewControllers;
			sourceTree = "<group>";
		};
		15C35FA2286AB693001085AB /* Views */ = {
			isa = PBXGroup;
			children = (
			);
			path = Views;
			sourceTree = "<group>";
		};
		15C35FB1286ABA12001085AB /* UITextField */ = {
			isa = PBXGroup;
			children = (
				15C35FB2286ABA12001085AB /* UITextFieldExtension.swift */,
			);
			path = UITextField;
			sourceTree = "<group>";
		};
		1905F98428608C8800EEF365 = {
			isa = PBXGroup;
			children = (
				1905F98F28608C8800EEF365 /* planning-pocker */,
				1905F98E28608C8800EEF365 /* Products */,
				1DB4DC11EE4991B185A1656B /* Pods */,
				BD497E40229F63C77765F996 /* Frameworks */,
				BAD0E0C62864412800D2C920 /* Recovered References */,
			);
			sourceTree = "<group>";
		};
		1905F98E28608C8800EEF365 /* Products */ = {
			isa = PBXGroup;
			children = (
				1905F98D28608C8800EEF365 /* planning-pocker.app */,
			);
			name = Products;
			sourceTree = "<group>";
		};
		1905F98F28608C8800EEF365 /* planning-pocker */ = {
			isa = PBXGroup;
			children = (
				602CDBA02861666B00E2EA30 /* Applications */,
				602CDBD42861752900E2EA30 /* Common */,
				602CDB912861613500E2EA30 /* Scenes */,
				602CDB8528615D6F00E2EA30 /* Managers */,
				602CDB9F286165AB00E2EA30 /* Resources */,
				0EF7D1372862CA4400E8F787 /* Utilities */,
				602CDB4A28615B6000E2EA30 /* Extentions */,
			);
			path = "planning-pocker";
			sourceTree = "<group>";
		};
		1DB4DC11EE4991B185A1656B /* Pods */ = {
			isa = PBXGroup;
			children = (
				F8CEA5DC02FE6DE4EE6A19B1 /* Pods-planning-pocker.debug.xcconfig */,
				05FFDA9C20FAB14AAEB84E97 /* Pods-planning-pocker.release.xcconfig */,
			);
			path = Pods;
			sourceTree = "<group>";
		};
		602CDB4A28615B6000E2EA30 /* Extentions */ = {
			isa = PBXGroup;
			children = (
				602CDB6C28615C1500E2EA30 /* Foundation */,
				602CDB6A28615C1500E2EA30 /* UIColor */,
				910317B6286C0EA200BAE25C /* UILabel */,
				15C35FB1286ABA12001085AB /* UITextField */,
				910317B7286C11A700BAE25C /* UITextView */,
				602CDB6D28615C1500E2EA30 /* UIView */,
				9146BC9B28631768001D4B7B /* UIViewController */,
			);
			path = Extentions;
			sourceTree = "<group>";
		};
		602CDB6A28615C1500E2EA30 /* UIColor */ = {
			isa = PBXGroup;
			children = (
				9146BC8E286302D4001D4B7B /* UIClolorExtension.swift */,
			);
			path = UIColor;
			sourceTree = "<group>";
		};
		602CDB6C28615C1500E2EA30 /* Foundation */ = {
			isa = PBXGroup;
			children = (
				602CDBDA2861762300E2EA30 /* StringExtension.swift */,
			);
			path = Foundation;
			sourceTree = "<group>";
		};
		602CDB6D28615C1500E2EA30 /* UIView */ = {
			isa = PBXGroup;
			children = (
				602CDBB028616BB400E2EA30 /* UIViewExtension.swift */,
				BA3FE11A2862D57A00779BE3 /* UIImageExtension.swift */,
			);
			path = UIView;
			sourceTree = "<group>";
		};
		602CDB8528615D6F00E2EA30 /* Managers */ = {
			isa = PBXGroup;
			children = (
				602CDB952861633C00E2EA30 /* Networking */,
				602CDBAD28616B5400E2EA30 /* SocketIO */,
			);
			path = Managers;
			sourceTree = "<group>";
		};
		602CDB912861613500E2EA30 /* Scenes */ = {
			isa = PBXGroup;
			children = (
				BAD51B262861B50D002961A7 /* ChooseCard */,
				94CC625F286A9BE70029674B /* CreateIssue */,
				6051A86C28644E3E008A6715 /* CreateNewGame */,
				15C35F9D286AB693001085AB /* CreateNewGame */,
				94CC624A28695A7A0029674B /* Invite Player */,
				155264E4286B154F0038ABDF /* IssuesList */,
				9146BC90286304B0001D4B7B /* Launch */,
				94344E26286C66B000F40565 /* LeftMenu */,
				910317AA286BE6ED00BAE25C /* Show-EditIssueDetail */,
				9146BC93286306AB001D4B7B /* SignIn */,
				91E33345286EF7220011F199 /* SignOut */,
				60C82C4228644771002E2DC2 /* SignUp */,
				602CDBA528616ADB00E2EA30 /* Welcome */,
			);
			path = Scenes;
			sourceTree = "<group>";
		};
		602CDB952861633C00E2EA30 /* Networking */ = {
			isa = PBXGroup;
			children = (
				602CDBC82861741700E2EA30 /* APIError.swift */,
				602CDBCC2861741800E2EA30 /* APIRequest.swift */,
				602CDBC62861741600E2EA30 /* APIRouter.swift */,
			);
			path = Networking;
			sourceTree = "<group>";
		};
		602CDB9F286165AB00E2EA30 /* Resources */ = {
			isa = PBXGroup;
			children = (
				192B1CED28645890004D9C26 /* GoogleService-Info.plist */,
				6051A85828644B38008A6715 /* fonts */,
				1905F99928608C8900EEF365 /* Assets.xcassets */,
				602CDBB228616CBA00E2EA30 /* Icon.xcassets */,
				1905F99E28608C8900EEF365 /* Info.plist */,
			);
			path = Resources;
			sourceTree = "<group>";
		};
		602CDBA02861666B00E2EA30 /* Applications */ = {
			isa = PBXGroup;
			children = (
				1905F99028608C8800EEF365 /* AppDelegate.swift */,
				1905F99228608C8800EEF365 /* SceneDelegate.swift */,
				1902CF3E2861ABE700E27B00 /* AppViewController.swift */,
				19B7C38F2861AE3E0047A618 /* Navigator.swift */,
				1905F99628608C8800EEF365 /* Main.storyboard */,
			);
			path = Applications;
			sourceTree = "<group>";
		};
		602CDBA528616ADB00E2EA30 /* Welcome */ = {
			isa = PBXGroup;
			children = (
				602CDBA828616B2200E2EA30 /* ViewControllers */,
				602CDBA728616B1300E2EA30 /* Views */,
				602CDBA628616AF600E2EA30 /* Models */,
			);
			path = Welcome;
			sourceTree = "<group>";
		};
		602CDBA628616AF600E2EA30 /* Models */ = {
			isa = PBXGroup;
			children = (
			);
			path = Models;
			sourceTree = "<group>";
		};
		602CDBA728616B1300E2EA30 /* Views */ = {
			isa = PBXGroup;
			children = (
			);
			path = Views;
			sourceTree = "<group>";
		};
		602CDBA828616B2200E2EA30 /* ViewControllers */ = {
			isa = PBXGroup;
			children = (
				602CDBD52861759700E2EA30 /* WelcomeViewController.swift */,
				602CDBD62861759700E2EA30 /* WelcomeViewController.xib */,
			);
			path = ViewControllers;
			sourceTree = "<group>";
		};
		602CDBAD28616B5400E2EA30 /* SocketIO */ = {
			isa = PBXGroup;
			children = (
				602CDBB828616D6D00E2EA30 /* SocketManager.swift */,
				0E17A3FB2862E8E4002290E6 /* UserStore.swift */,
			);
			path = SocketIO;
			sourceTree = "<group>";
		};
		602CDBD42861752900E2EA30 /* Common */ = {
			isa = PBXGroup;
			children = (
				602CDBC72861741700E2EA30 /* Configuration.swift */,
				602CDBCB2861741700E2EA30 /* ProgressView.swift */,
				602CDBC92861741700E2EA30 /* Reachability.swift */,
				602CDBCA2861741700E2EA30 /* SwiftiJSON.swift */,
			);
			path = Common;
			sourceTree = "<group>";
		};
		6051A85828644B38008A6715 /* fonts */ = {
			isa = PBXGroup;
			children = (
				6051A85928644B38008A6715 /* Poppins-Light.ttf */,
				6051A85A28644B38008A6715 /* Poppins-Medium.ttf */,
				6051A85B28644B38008A6715 /* Poppins-ExtraBold.ttf */,
				6051A85C28644B38008A6715 /* Poppins-Regular.ttf */,
				6051A85D28644B38008A6715 /* Poppins-LightItalic.ttf */,
				6051A85E28644B38008A6715 /* Poppins-Bold.ttf */,
				6051A85F28644B38008A6715 /* Poppins-SemiBold.ttf */,
				6051A86028644B38008A6715 /* Poppins-Italic.ttf */,
				6051A86128644B38008A6715 /* Poppins-MediumItalic.ttf */,
			);
			path = fonts;
			sourceTree = "<group>";
		};
		6051A86C28644E3E008A6715 /* CreateNewGame */ = {
			isa = PBXGroup;
			children = (
				6051A86D28644E3E008A6715 /* Models */,
				6051A86E28644E3E008A6715 /* ViewControllers */,
				6051A87128644E3E008A6715 /* Views */,
			);
			path = CreateNewGame;
			sourceTree = "<group>";
		};
		6051A86D28644E3E008A6715 /* Models */ = {
			isa = PBXGroup;
			children = (
			);
			path = Models;
			sourceTree = "<group>";
		};
		6051A86E28644E3E008A6715 /* ViewControllers */ = {
			isa = PBXGroup;
			children = (
				6051A86F28644E3E008A6715 /* CreateNewGameViewController.xib */,
				6051A87028644E3E008A6715 /* CreateNewGameViewController.swift */,
			);
			path = ViewControllers;
			sourceTree = "<group>";
		};
		6051A87128644E3E008A6715 /* Views */ = {
			isa = PBXGroup;
			children = (
			);
			path = Views;
			sourceTree = "<group>";
		};
		60C82C4228644771002E2DC2 /* SignUp */ = {
			isa = PBXGroup;
			children = (
				60C82C4328644771002E2DC2 /* Models */,
				60C82C4528644771002E2DC2 /* ViewControllers */,
				60C82C4828644771002E2DC2 /* Views */,
			);
			path = SignUp;
			sourceTree = "<group>";
		};
		60C82C4328644771002E2DC2 /* Models */ = {
			isa = PBXGroup;
			children = (
				60C82C4428644771002E2DC2 /* User.swift */,
			);
			path = Models;
			sourceTree = "<group>";
		};
		60C82C4528644771002E2DC2 /* ViewControllers */ = {
			isa = PBXGroup;
			children = (
				60C82C4628644771002E2DC2 /* SignUpViewController.swift */,
				60C82C4728644771002E2DC2 /* SignUpViewController.xib */,
			);
			path = ViewControllers;
			sourceTree = "<group>";
		};
		60C82C4828644771002E2DC2 /* Views */ = {
			isa = PBXGroup;
			children = (
			);
			path = Views;
			sourceTree = "<group>";
		};
		910317AA286BE6ED00BAE25C /* Show-EditIssueDetail */ = {
			isa = PBXGroup;
			children = (
				910317AD286BE80700BAE25C /* ViewControllers */,
				910317AC286BE7F600BAE25C /* Views */,
				910317AB286BE7EE00BAE25C /* Models */,
			);
			path = "Show-EditIssueDetail";
			sourceTree = "<group>";
		};
		910317AB286BE7EE00BAE25C /* Models */ = {
			isa = PBXGroup;
			children = (
			);
			path = Models;
			sourceTree = "<group>";
		};
		910317AC286BE7F600BAE25C /* Views */ = {
			isa = PBXGroup;
			children = (
			);
			path = Views;
			sourceTree = "<group>";
		};
		910317AD286BE80700BAE25C /* ViewControllers */ = {
			isa = PBXGroup;
			children = (
				0EB73AD1286C4E2D00B74B4C /* IssueDetailViewController.swift */,
				0EB73AD2286C4E2D00B74B4C /* IssueDetailViewController.xib */,
			);
			path = ViewControllers;
			sourceTree = "<group>";
		};
		910317B6286C0EA200BAE25C /* UILabel */ = {
			isa = PBXGroup;
			children = (
				910317B2286BF76400BAE25C /* PaddingLabels.swift */,
			);
			path = UILabel;
			sourceTree = "<group>";
		};
		910317B7286C11A700BAE25C /* UITextView */ = {
			isa = PBXGroup;
			children = (
				910317B4286C00C200BAE25C /* MultilineTextViews.swift */,
			);
			path = UITextView;
			sourceTree = "<group>";
		};
		9146BC90286304B0001D4B7B /* Launch */ = {
			isa = PBXGroup;
			children = (
				9146BC91286304CB001D4B7B /* StartLaunchScreen.storyboard */,
			);
			path = Launch;
			sourceTree = "<group>";
		};
		9146BC93286306AB001D4B7B /* SignIn */ = {
			isa = PBXGroup;
			children = (
				9146BC96286306F4001D4B7B /* Models */,
				9146BC94286306D4001D4B7B /* ViewControllers */,
				9146BC95286306EB001D4B7B /* Views */,
			);
			path = SignIn;
			sourceTree = "<group>";
		};
		9146BC94286306D4001D4B7B /* ViewControllers */ = {
			isa = PBXGroup;
			children = (
				9146BC972863071B001D4B7B /* SignInViewController.swift */,
				9146BC982863071B001D4B7B /* SignInViewController.xib */,
			);
			path = ViewControllers;
			sourceTree = "<group>";
		};
		9146BC95286306EB001D4B7B /* Views */ = {
			isa = PBXGroup;
			children = (
			);
			path = Views;
			sourceTree = "<group>";
		};
		9146BC96286306F4001D4B7B /* Models */ = {
			isa = PBXGroup;
			children = (
			);
			path = Models;
			sourceTree = "<group>";
		};
		9146BC9B28631768001D4B7B /* UIViewController */ = {
			isa = PBXGroup;
			children = (
				9146BC9C2863178D001D4B7B /* UIViewControllerExtension.swift */,
			);
			path = UIViewController;
			sourceTree = "<group>";
		};
		91E33345286EF7220011F199 /* SignOut */ = {
			isa = PBXGroup;
			children = (
				91E33348286EF7410011F199 /* Models */,
				91E33347286EF7350011F199 /* ViewControllers */,
				91E33346286EF7300011F199 /* Views */,
			);
			path = SignOut;
			sourceTree = "<group>";
		};
		91E33346286EF7300011F199 /* Views */ = {
			isa = PBXGroup;
			children = (
			);
			path = Views;
			sourceTree = "<group>";
		};
		91E33347286EF7350011F199 /* ViewControllers */ = {
			isa = PBXGroup;
			children = (
				91E33349286EF79D0011F199 /* SignOutViewController.swift */,
				91E3334A286EF79D0011F199 /* SignOutViewController.xib */,
			);
			path = ViewControllers;
			sourceTree = "<group>";
		};
		91E33348286EF7410011F199 /* Models */ = {
			isa = PBXGroup;
			children = (
			);
			path = Models;
			sourceTree = "<group>";
		};
		94344E20286C13D000F40565 /* IssueItemTableViewCell */ = {
			isa = PBXGroup;
			children = (
				155264EA286B154F0038ABDF /* IssueItemTableViewCell.swift */,
				155264EB286B154F0038ABDF /* IssueItemTableViewCell.xib */,
			);
			path = IssueItemTableViewCell;
			sourceTree = "<group>";
		};
		94344E21286C13E600F40565 /* ButtonItemTableViewCell */ = {
			isa = PBXGroup;
			children = (
				94344E22286C141800F40565 /* ButtonItemTableViewCell.swift */,
				94344E23286C141800F40565 /* ButtonItemTableViewCell.xib */,
			);
			path = ButtonItemTableViewCell;
			sourceTree = "<group>";
		};
		94344E26286C66B000F40565 /* LeftMenu */ = {
			isa = PBXGroup;
			children = (
				94344E29286C66C800F40565 /* Models */,
				94344E28286C66C000F40565 /* Views */,
				94344E27286C66B700F40565 /* ViewControllers */,
			);
			path = LeftMenu;
			sourceTree = "<group>";
		};
		94344E27286C66B700F40565 /* ViewControllers */ = {
			isa = PBXGroup;
			children = (
				94514C282872E4BF0097214C /* LeftMenuViewController.swift */,
				94514C292872E4C00097214C /* LeftMenuViewController.xib */,
			);
			path = ViewControllers;
			sourceTree = "<group>";
		};
		94344E28286C66C000F40565 /* Views */ = {
			isa = PBXGroup;
			children = (
				94344E34286D808400F40565 /* EditProfileView */,
				94344E3D286D94EA00F40565 /* LeftMenuTableViewCell */,
			);
			path = Views;
			sourceTree = "<group>";
		};
		94344E29286C66C800F40565 /* Models */ = {
			isa = PBXGroup;
			children = (
				94344E2E286C6C8A00F40565 /* LeftMenuModel.swift */,
			);
			path = Models;
			sourceTree = "<group>";
		};
		94344E34286D808400F40565 /* EditProfileView */ = {
			isa = PBXGroup;
			children = (
				94344E39286D824600F40565 /* EditProfileView.swift */,
				94344E3B286D825700F40565 /* EditProfileView.xib */,
			);
			path = EditProfileView;
			sourceTree = "<group>";
		};
		94344E3D286D94EA00F40565 /* LeftMenuTableViewCell */ = {
			isa = PBXGroup;
			children = (
				94344E30286C6D1000F40565 /* LeftMenuTableViewCell.swift */,
				94344E31286C6D1000F40565 /* LeftMenuTableViewCell.xib */,
			);
			path = LeftMenuTableViewCell;
			sourceTree = "<group>";
		};
		94CC624A28695A7A0029674B /* Invite Player */ = {
			isa = PBXGroup;
			children = (
				94CC624D28695A9D0029674B /* Views */,
				94CC624C28695A8F0029674B /* ViewControllers */,
				94CC624B28695A840029674B /* Models */,
			);
			path = "Invite Player";
			sourceTree = "<group>";
		};
		94CC624B28695A840029674B /* Models */ = {
			isa = PBXGroup;
			children = (
			);
			path = Models;
			sourceTree = "<group>";
		};
		94CC624C28695A8F0029674B /* ViewControllers */ = {
			isa = PBXGroup;
			children = (
				94CC624E28695AC20029674B /* InvitePlayerViewController.swift */,
				94CC624F28695AC20029674B /* InvitePlayerViewController.xib */,
			);
			path = ViewControllers;
			sourceTree = "<group>";
		};
		94CC624D28695A9D0029674B /* Views */ = {
			isa = PBXGroup;
			children = (
			);
			path = Views;
			sourceTree = "<group>";
		};
		94CC625F286A9BE70029674B /* CreateIssue */ = {
			isa = PBXGroup;
			children = (
				94CC6262286A9C440029674B /* Models */,
				94CC6261286A9C3F0029674B /* Views */,
				94CC6260286A9C350029674B /* ViewControllers */,
			);
			path = CreateIssue;
			sourceTree = "<group>";
		};
		94CC6260286A9C350029674B /* ViewControllers */ = {
			isa = PBXGroup;
			children = (
				94CC6263286A9C5E0029674B /* CreateIssueViewController.swift */,
				94CC6264286A9C5E0029674B /* CreateIssueViewController.xib */,
			);
			path = ViewControllers;
			sourceTree = "<group>";
		};
		94CC6261286A9C3F0029674B /* Views */ = {
			isa = PBXGroup;
			children = (
			);
			path = Views;
			sourceTree = "<group>";
		};
		94CC6262286A9C440029674B /* Models */ = {
			isa = PBXGroup;
			children = (
			);
			path = Models;
			sourceTree = "<group>";
		};
		BA084D6C2864168A00A14A37 /* Board Info */ = {
			isa = PBXGroup;
			children = (
				BA084D6D2864169B00A14A37 /* BoardInfoView.xib */,
				BA084D71286416F800A14A37 /* BoardInfoView.swift */,
			);
			path = "Board Info";
			sourceTree = "<group>";
		};
		BA3FE10F2862C37100779BE3 /* CardToSelect */ = {
			isa = PBXGroup;
			children = (
				BAD51B2E2861C387002961A7 /* CardToSelectCollectionViewCell.swift */,
				BAD51B2F2861C387002961A7 /* CardToSelectCollectionViewCell.xib */,
			);
			path = CardToSelect;
			sourceTree = "<group>";
		};
		BA3FE1102862C38400779BE3 /* CardMainPlayer */ = {
			isa = PBXGroup;
			children = (
				BA3FE1122862C44B00779BE3 /* CardMainPlayerCollectionViewCell.swift */,
				BA3FE1132862C44B00779BE3 /* CardMainPlayerCollectionViewCell.xib */,
			);
			path = CardMainPlayer;
			sourceTree = "<group>";
		};
		BA3FE1112862C3A000779BE3 /* CardOtherPlayers */ = {
			isa = PBXGroup;
			children = (
				BA3FE1162862C45E00779BE3 /* CardOtherPlayersCollectionViewCell.swift */,
				BA3FE1172862C45E00779BE3 /* CardOtherPlayersCollectionViewCell.xib */,
			);
			path = CardOtherPlayers;
			sourceTree = "<group>";
		};
		BAD0E0C62864412800D2C920 /* Recovered References */ = {
			isa = PBXGroup;
			children = (
				BA3FE10D2862BC9D00779BE3 /* UIColor.swift */,
				15C35FB4286AD8B8001085AB /* Issue.swift */,
			);
			name = "Recovered References";
			sourceTree = "<group>";
		};
		BAD51B262861B50D002961A7 /* ChooseCard */ = {
			isa = PBXGroup;
			children = (
				BAD51B272861B50D002961A7 /* Models */,
				BAD51B282861B50D002961A7 /* ViewControllers */,
				BAD51B2B2861B50D002961A7 /* Views */,
			);
			path = ChooseCard;
			sourceTree = "<group>";
		};
		BAD51B272861B50D002961A7 /* Models */ = {
			isa = PBXGroup;
			children = (
				BA084D6A2864085500A14A37 /* PlayerModel.swift */,
			);
			path = Models;
			sourceTree = "<group>";
		};
		BAD51B282861B50D002961A7 /* ViewControllers */ = {
			isa = PBXGroup;
			children = (
				BAD51B2A2861B50D002961A7 /* ChooseCardViewController.xib */,
				BAD51B292861B50D002961A7 /* ChooseCardViewController.swift */,
			);
			path = ViewControllers;
			sourceTree = "<group>";
		};
		BAD51B2B2861B50D002961A7 /* Views */ = {
			isa = PBXGroup;
			children = (
				BA084D6C2864168A00A14A37 /* Board Info */,
				BA3FE1112862C3A000779BE3 /* CardOtherPlayers */,
				BA3FE1102862C38400779BE3 /* CardMainPlayer */,
				BA3FE10F2862C37100779BE3 /* CardToSelect */,
			);
			path = Views;
			sourceTree = "<group>";
		};
		BD497E40229F63C77765F996 /* Frameworks */ = {
			isa = PBXGroup;
			children = (
				43860CEF8286EACD0555BCDF /* Pods_planning_pocker.framework */,
			);
			name = Frameworks;
			sourceTree = "<group>";
		};
/* End PBXGroup section */

/* Begin PBXNativeTarget section */
		1905F98C28608C8800EEF365 /* planning-pocker */ = {
			isa = PBXNativeTarget;
			buildConfigurationList = 1905F9A128608C8900EEF365 /* Build configuration list for PBXNativeTarget "planning-pocker" */;
			buildPhases = (
				05B8E0F50E076445125C986E /* [CP] Check Pods Manifest.lock */,
				19B7C3912861B02F0047A618 /* Swiftlint Script */,
				1905F98928608C8800EEF365 /* Sources */,
				1905F98A28608C8800EEF365 /* Frameworks */,
				1905F98B28608C8800EEF365 /* Resources */,
				4F647636475A3C173A087363 /* [CP] Embed Pods Frameworks */,
			);
			buildRules = (
			);
			dependencies = (
			);
			name = "planning-pocker";
			packageProductDependencies = (
				192B1CF028645A68004D9C26 /* FirebaseAnalytics */,
				192B1CF228645A68004D9C26 /* FirebaseAppDistribution-Beta */,
				192B1CF428645A68004D9C26 /* FirebaseCrashlytics */,
				192B1CF628645A68004D9C26 /* FirebaseDynamicLinks */,
				192B1CF828645A68004D9C26 /* FirebaseMessaging */,
			);
			productName = "planning-pocker";
			productReference = 1905F98D28608C8800EEF365 /* planning-pocker.app */;
			productType = "com.apple.product-type.application";
		};
/* End PBXNativeTarget section */

/* Begin PBXProject section */
		1905F98528608C8800EEF365 /* Project object */ = {
			isa = PBXProject;
			attributes = {
				BuildIndependentTargetsInParallel = 1;
				LastSwiftUpdateCheck = 1330;
				LastUpgradeCheck = 1330;
				TargetAttributes = {
					1905F98C28608C8800EEF365 = {
						CreatedOnToolsVersion = 13.3.1;
					};
				};
			};
			buildConfigurationList = 1905F98828608C8800EEF365 /* Build configuration list for PBXProject "planning-pocker" */;
			compatibilityVersion = "Xcode 13.0";
			developmentRegion = en;
			hasScannedForEncodings = 0;
			knownRegions = (
				en,
				Base,
			);
			mainGroup = 1905F98428608C8800EEF365;
			packageReferences = (
				192B1CEF28645A68004D9C26 /* XCRemoteSwiftPackageReference "firebase-ios-sdk" */,
			);
			productRefGroup = 1905F98E28608C8800EEF365 /* Products */;
			projectDirPath = "";
			projectRoot = "";
			targets = (
				1905F98C28608C8800EEF365 /* planning-pocker */,
			);
		};
/* End PBXProject section */

/* Begin PBXResourcesBuildPhase section */
		1905F98B28608C8800EEF365 /* Resources */ = {
			isa = PBXResourcesBuildPhase;
			buildActionMask = 2147483647;
			files = (
				60C82C4B28644771002E2DC2 /* SignUpViewController.xib in Resources */,
				6051A86628644B38008A6715 /* Poppins-LightItalic.ttf in Resources */,
				602CDBD82861759700E2EA30 /* WelcomeViewController.xib in Resources */,
				6051A87228644E3F008A6715 /* CreateNewGameViewController.xib in Resources */,
				6051A86728644B38008A6715 /* Poppins-Bold.ttf in Resources */,
				6051A86A28644B38008A6715 /* Poppins-MediumItalic.ttf in Resources */,
				1905F99A28608C8900EEF365 /* Assets.xcassets in Resources */,
				60B6C9F52861B8BC00DC3270 /* (null) in Resources */,
				94514C2B2872E4C00097214C /* LeftMenuViewController.xib in Resources */,
				60B6C9F92861B8BC00DC3270 /* (null) in Resources */,
				BA3FE1152862C44B00779BE3 /* CardMainPlayerCollectionViewCell.xib in Resources */,
				60C82C4B28644771002E2DC2 /* SignUpViewController.xib in Resources */,
				6051A86628644B38008A6715 /* Poppins-LightItalic.ttf in Resources */,
				602CDBD82861759700E2EA30 /* WelcomeViewController.xib in Resources */,
				94344E33286C6D1000F40565 /* LeftMenuTableViewCell.xib in Resources */,
				6051A86728644B38008A6715 /* Poppins-Bold.ttf in Resources */,
				6051A86A28644B38008A6715 /* Poppins-MediumItalic.ttf in Resources */,
				1905F99A28608C8900EEF365 /* Assets.xcassets in Resources */,
				BA3FE1192862C45E00779BE3 /* CardOtherPlayersCollectionViewCell.xib in Resources */,
				602CDBB328616CBA00E2EA30 /* Icon.xcassets in Resources */,
				BA084D6E2864169B00A14A37 /* BoardInfoView.xib in Resources */,
				94344E25286C141800F40565 /* ButtonItemTableViewCell.xib in Resources */,
				9146BC9A2863071B001D4B7B /* SignInViewController.xib in Resources */,
				94CC6266286A9C5E0029674B /* CreateIssueViewController.xib in Resources */,
				9146BC92286304CB001D4B7B /* StartLaunchScreen.storyboard in Resources */,
				91E3334C286EF79E0011F199 /* SignOutViewController.xib in Resources */,
				155264ED286B154F0038ABDF /* IssuesListViewController.xib in Resources */,
				1905F99828608C8800EEF365 /* Main.storyboard in Resources */,
				192B1CEE28645890004D9C26 /* GoogleService-Info.plist in Resources */,
				6051A86528644B38008A6715 /* Poppins-Regular.ttf in Resources */,
				94344E3C286D825700F40565 /* EditProfileView.xib in Resources */,
				0EB73AD4286C4E2D00B74B4C /* IssueDetailViewController.xib in Resources */,
				6051A86928644B38008A6715 /* Poppins-Italic.ttf in Resources */,
				BAD51B2D2861B50D002961A7 /* ChooseCardViewController.xib in Resources */,
				BAD51B312861C387002961A7 /* CardToSelectCollectionViewCell.xib in Resources */,
				192B1CEE28645890004D9C26 /* GoogleService-Info.plist in Resources */,
				155264EF286B154F0038ABDF /* IssueItemTableViewCell.xib in Resources */,
				6051A86528644B38008A6715 /* Poppins-Regular.ttf in Resources */,
				6051A86928644B38008A6715 /* Poppins-Italic.ttf in Resources */,
				94CC625128695AC20029674B /* InvitePlayerViewController.xib in Resources */,
				6051A86328644B38008A6715 /* Poppins-Medium.ttf in Resources */,
				6051A86228644B38008A6715 /* Poppins-Light.ttf in Resources */,
				60B6C9F72861B8BC00DC3270 /* (null) in Resources */,
				6051A86428644B38008A6715 /* Poppins-ExtraBold.ttf in Resources */,
				15C35FA3286AB693001085AB /* CreateNewGameViewController.xib in Resources */,
				6051A86828644B38008A6715 /* Poppins-SemiBold.ttf in Resources */,
			);
			runOnlyForDeploymentPostprocessing = 0;
		};
/* End PBXResourcesBuildPhase section */

/* Begin PBXShellScriptBuildPhase section */
		05B8E0F50E076445125C986E /* [CP] Check Pods Manifest.lock */ = {
			isa = PBXShellScriptBuildPhase;
			buildActionMask = 2147483647;
			files = (
			);
			inputFileListPaths = (
			);
			inputPaths = (
				"${PODS_PODFILE_DIR_PATH}/Podfile.lock",
				"${PODS_ROOT}/Manifest.lock",
			);
			name = "[CP] Check Pods Manifest.lock";
			outputFileListPaths = (
			);
			outputPaths = (
				"$(DERIVED_FILE_DIR)/Pods-planning-pocker-checkManifestLockResult.txt",
			);
			runOnlyForDeploymentPostprocessing = 0;
			shellPath = /bin/sh;
			shellScript = "diff \"${PODS_PODFILE_DIR_PATH}/Podfile.lock\" \"${PODS_ROOT}/Manifest.lock\" > /dev/null\nif [ $? != 0 ] ; then\n    # print error to STDERR\n    echo \"error: The sandbox is not in sync with the Podfile.lock. Run 'pod install' or update your CocoaPods installation.\" >&2\n    exit 1\nfi\n# This output is used by Xcode 'outputs' to avoid re-running this script phase.\necho \"SUCCESS\" > \"${SCRIPT_OUTPUT_FILE_0}\"\n";
			showEnvVarsInLog = 0;
		};
		19B7C3912861B02F0047A618 /* Swiftlint Script */ = {
			isa = PBXShellScriptBuildPhase;
			buildActionMask = 2147483647;
			files = (
			);
			inputFileListPaths = (
			);
			inputPaths = (
			);
			name = "Swiftlint Script";
			outputFileListPaths = (
			);
			outputPaths = (
			);
			runOnlyForDeploymentPostprocessing = 0;
			shellPath = /bin/sh;
			shellScript = "\"${PODS_ROOT}/SwiftLint/swiftlint\"\n";
		};
		4F647636475A3C173A087363 /* [CP] Embed Pods Frameworks */ = {
			isa = PBXShellScriptBuildPhase;
			buildActionMask = 2147483647;
			files = (
			);
			inputFileListPaths = (
				"${PODS_ROOT}/Target Support Files/Pods-planning-pocker/Pods-planning-pocker-frameworks-${CONFIGURATION}-input-files.xcfilelist",
			);
			name = "[CP] Embed Pods Frameworks";
			outputFileListPaths = (
				"${PODS_ROOT}/Target Support Files/Pods-planning-pocker/Pods-planning-pocker-frameworks-${CONFIGURATION}-output-files.xcfilelist",
			);
			runOnlyForDeploymentPostprocessing = 0;
			shellPath = /bin/sh;
			shellScript = "\"${PODS_ROOT}/Target Support Files/Pods-planning-pocker/Pods-planning-pocker-frameworks.sh\"\n";
			showEnvVarsInLog = 0;
		};
/* End PBXShellScriptBuildPhase section */

/* Begin PBXSourcesBuildPhase section */
		1905F98928608C8800EEF365 /* Sources */ = {
			isa = PBXSourcesBuildPhase;
			buildActionMask = 2147483647;
			files = (
				94344E24286C141800F40565 /* ButtonItemTableViewCell.swift in Sources */,
				602CDBB128616BB400E2EA30 /* UIViewExtension.swift in Sources */,
				0EF7D1392862CA7900E8F787 /* AppUrls.swift in Sources */,
				602CDBB928616D6D00E2EA30 /* SocketManager.swift in Sources */,
				1902CF3F2861ABE700E27B00 /* AppViewController.swift in Sources */,
				60C82C4A28644771002E2DC2 /* SignUpViewController.swift in Sources */,
				602CDBDB2861762300E2EA30 /* StringExtension.swift in Sources */,
				BAD51B2C2861B50D002961A7 /* ChooseCardViewController.swift in Sources */,
				94344E3A286D824600F40565 /* EditProfileView.swift in Sources */,
				602CDBD12861741800E2EA30 /* SwiftiJSON.swift in Sources */,
				91E3334B286EF79D0011F199 /* SignOutViewController.swift in Sources */,
				155264EE286B154F0038ABDF /* IssueItemTableViewCell.swift in Sources */,
				9146BC8F286302D4001D4B7B /* UIClolorExtension.swift in Sources */,
				0E17A3FC2862E8E4002290E6 /* UserStore.swift in Sources */,
				6051A87328644E3F008A6715 /* CreateNewGameViewController.swift in Sources */,
				19B7C3902861AE3E0047A618 /* Navigator.swift in Sources */,
				602CDBCF2861741800E2EA30 /* APIError.swift in Sources */,
				BA3FE1142862C44B00779BE3 /* CardMainPlayerCollectionViewCell.swift in Sources */,
				94CC6265286A9C5E0029674B /* CreateIssueViewController.swift in Sources */,
				15BB2952286B18C10062A8E9 /* Issue.swift in Sources */,
				15C35FA4286AB693001085AB /* CreateNewGameViewController.swift in Sources */,
				BA3FE11D2862F9AA00779BE3 /* GameModel.swift in Sources */,
				94CC625028695AC20029674B /* InvitePlayerViewController.swift in Sources */,
				0EB73AD3286C4E2D00B74B4C /* IssueDetailViewController.swift in Sources */,
				BA3FE10E2862BC9D00779BE3 /* UIColor.swift in Sources */,
				602CDBCE2861741800E2EA30 /* Configuration.swift in Sources */,
				BAD51B302861C387002961A7 /* CardToSelectCollectionViewCell.swift in Sources */,
				1905F99128608C8800EEF365 /* AppDelegate.swift in Sources */,
				602CDBD32861741800E2EA30 /* APIRequest.swift in Sources */,
				BA3FE11B2862D57A00779BE3 /* UIImageExtension.swift in Sources */,
				602CDBD02861741800E2EA30 /* Reachability.swift in Sources */,
				BA084D72286416F800A14A37 /* BoardInfoView.swift in Sources */,
				BA084D6B2864085500A14A37 /* PlayerModel.swift in Sources */,
				155264EC286B154F0038ABDF /* IssuesListViewController.swift in Sources */,
				94344E1F286C04D100F40565 /* ListIssue.swift in Sources */,
				602CDBCD2861741800E2EA30 /* APIRouter.swift in Sources */,
				BA3FE1182862C45E00779BE3 /* CardOtherPlayersCollectionViewCell.swift in Sources */,
				910317B3286BF76400BAE25C /* PaddingLabels.swift in Sources */,
				9146BC992863071B001D4B7B /* SignInViewController.swift in Sources */,
				910317B5286C00C200BAE25C /* MultilineTextViews.swift in Sources */,
				0E17A3FE2862E980002290E6 /* Constants.swift in Sources */,
				15C35FB3286ABA12001085AB /* UITextFieldExtension.swift in Sources */,
				1905F99328608C8800EEF365 /* SceneDelegate.swift in Sources */,
				602CDBD22861741800E2EA30 /* ProgressView.swift in Sources */,
				60C82C4928644771002E2DC2 /* User.swift in Sources */,
				94514C2A2872E4C00097214C /* LeftMenuViewController.swift in Sources */,
				94344E32286C6D1000F40565 /* LeftMenuTableViewCell.swift in Sources */,
				9146BC9D2863178D001D4B7B /* UIViewControllerExtension.swift in Sources */,
				602CDBD72861759700E2EA30 /* WelcomeViewController.swift in Sources */,
				60465B732862B2100082956B /* (null) in Sources */,
				94344E2F286C6C8A00F40565 /* LeftMenuModel.swift in Sources */,
			);
			runOnlyForDeploymentPostprocessing = 0;
		};
/* End PBXSourcesBuildPhase section */

/* Begin PBXVariantGroup section */
		1905F99628608C8800EEF365 /* Main.storyboard */ = {
			isa = PBXVariantGroup;
			children = (
				1905F99728608C8800EEF365 /* Base */,
			);
			name = Main.storyboard;
			sourceTree = "<group>";
		};
/* End PBXVariantGroup section */

/* Begin XCBuildConfiguration section */
		1905F99F28608C8900EEF365 /* Debug */ = {
			isa = XCBuildConfiguration;
			buildSettings = {
				ALWAYS_SEARCH_USER_PATHS = NO;
				CLANG_ANALYZER_NONNULL = YES;
				CLANG_ANALYZER_NUMBER_OBJECT_CONVERSION = YES_AGGRESSIVE;
				CLANG_CXX_LANGUAGE_STANDARD = "gnu++17";
				CLANG_ENABLE_MODULES = YES;
				CLANG_ENABLE_OBJC_ARC = YES;
				CLANG_ENABLE_OBJC_WEAK = YES;
				CLANG_WARN_BLOCK_CAPTURE_AUTORELEASING = YES;
				CLANG_WARN_BOOL_CONVERSION = YES;
				CLANG_WARN_COMMA = YES;
				CLANG_WARN_CONSTANT_CONVERSION = YES;
				CLANG_WARN_DEPRECATED_OBJC_IMPLEMENTATIONS = YES;
				CLANG_WARN_DIRECT_OBJC_ISA_USAGE = YES_ERROR;
				CLANG_WARN_DOCUMENTATION_COMMENTS = YES;
				CLANG_WARN_EMPTY_BODY = YES;
				CLANG_WARN_ENUM_CONVERSION = YES;
				CLANG_WARN_INFINITE_RECURSION = YES;
				CLANG_WARN_INT_CONVERSION = YES;
				CLANG_WARN_NON_LITERAL_NULL_CONVERSION = YES;
				CLANG_WARN_OBJC_IMPLICIT_RETAIN_SELF = YES;
				CLANG_WARN_OBJC_LITERAL_CONVERSION = YES;
				CLANG_WARN_OBJC_ROOT_CLASS = YES_ERROR;
				CLANG_WARN_QUOTED_INCLUDE_IN_FRAMEWORK_HEADER = YES;
				CLANG_WARN_RANGE_LOOP_ANALYSIS = YES;
				CLANG_WARN_STRICT_PROTOTYPES = YES;
				CLANG_WARN_SUSPICIOUS_MOVE = YES;
				CLANG_WARN_UNGUARDED_AVAILABILITY = YES_AGGRESSIVE;
				CLANG_WARN_UNREACHABLE_CODE = YES;
				CLANG_WARN__DUPLICATE_METHOD_MATCH = YES;
				COPY_PHASE_STRIP = NO;
				DEBUG_INFORMATION_FORMAT = dwarf;
				ENABLE_STRICT_OBJC_MSGSEND = YES;
				ENABLE_TESTABILITY = YES;
				GCC_C_LANGUAGE_STANDARD = gnu11;
				GCC_DYNAMIC_NO_PIC = NO;
				GCC_NO_COMMON_BLOCKS = YES;
				GCC_OPTIMIZATION_LEVEL = 0;
				GCC_PREPROCESSOR_DEFINITIONS = (
					"DEBUG=1",
					"$(inherited)",
				);
				GCC_WARN_64_TO_32_BIT_CONVERSION = YES;
				GCC_WARN_ABOUT_RETURN_TYPE = YES_ERROR;
				GCC_WARN_UNDECLARED_SELECTOR = YES;
				GCC_WARN_UNINITIALIZED_AUTOS = YES_AGGRESSIVE;
				GCC_WARN_UNUSED_FUNCTION = YES;
				GCC_WARN_UNUSED_VARIABLE = YES;
				IPHONEOS_DEPLOYMENT_TARGET = 15.4;
				MTL_ENABLE_DEBUG_INFO = INCLUDE_SOURCE;
				MTL_FAST_MATH = YES;
				ONLY_ACTIVE_ARCH = YES;
				SDKROOT = iphoneos;
				SWIFT_ACTIVE_COMPILATION_CONDITIONS = DEBUG;
				SWIFT_OPTIMIZATION_LEVEL = "-Onone";
			};
			name = Debug;
		};
		1905F9A028608C8900EEF365 /* Release */ = {
			isa = XCBuildConfiguration;
			buildSettings = {
				ALWAYS_SEARCH_USER_PATHS = NO;
				CLANG_ANALYZER_NONNULL = YES;
				CLANG_ANALYZER_NUMBER_OBJECT_CONVERSION = YES_AGGRESSIVE;
				CLANG_CXX_LANGUAGE_STANDARD = "gnu++17";
				CLANG_ENABLE_MODULES = YES;
				CLANG_ENABLE_OBJC_ARC = YES;
				CLANG_ENABLE_OBJC_WEAK = YES;
				CLANG_WARN_BLOCK_CAPTURE_AUTORELEASING = YES;
				CLANG_WARN_BOOL_CONVERSION = YES;
				CLANG_WARN_COMMA = YES;
				CLANG_WARN_CONSTANT_CONVERSION = YES;
				CLANG_WARN_DEPRECATED_OBJC_IMPLEMENTATIONS = YES;
				CLANG_WARN_DIRECT_OBJC_ISA_USAGE = YES_ERROR;
				CLANG_WARN_DOCUMENTATION_COMMENTS = YES;
				CLANG_WARN_EMPTY_BODY = YES;
				CLANG_WARN_ENUM_CONVERSION = YES;
				CLANG_WARN_INFINITE_RECURSION = YES;
				CLANG_WARN_INT_CONVERSION = YES;
				CLANG_WARN_NON_LITERAL_NULL_CONVERSION = YES;
				CLANG_WARN_OBJC_IMPLICIT_RETAIN_SELF = YES;
				CLANG_WARN_OBJC_LITERAL_CONVERSION = YES;
				CLANG_WARN_OBJC_ROOT_CLASS = YES_ERROR;
				CLANG_WARN_QUOTED_INCLUDE_IN_FRAMEWORK_HEADER = YES;
				CLANG_WARN_RANGE_LOOP_ANALYSIS = YES;
				CLANG_WARN_STRICT_PROTOTYPES = YES;
				CLANG_WARN_SUSPICIOUS_MOVE = YES;
				CLANG_WARN_UNGUARDED_AVAILABILITY = YES_AGGRESSIVE;
				CLANG_WARN_UNREACHABLE_CODE = YES;
				CLANG_WARN__DUPLICATE_METHOD_MATCH = YES;
				COPY_PHASE_STRIP = NO;
				DEBUG_INFORMATION_FORMAT = "dwarf-with-dsym";
				ENABLE_NS_ASSERTIONS = NO;
				ENABLE_STRICT_OBJC_MSGSEND = YES;
				GCC_C_LANGUAGE_STANDARD = gnu11;
				GCC_NO_COMMON_BLOCKS = YES;
				GCC_WARN_64_TO_32_BIT_CONVERSION = YES;
				GCC_WARN_ABOUT_RETURN_TYPE = YES_ERROR;
				GCC_WARN_UNDECLARED_SELECTOR = YES;
				GCC_WARN_UNINITIALIZED_AUTOS = YES_AGGRESSIVE;
				GCC_WARN_UNUSED_FUNCTION = YES;
				GCC_WARN_UNUSED_VARIABLE = YES;
				IPHONEOS_DEPLOYMENT_TARGET = 15.4;
				MTL_ENABLE_DEBUG_INFO = NO;
				MTL_FAST_MATH = YES;
				SDKROOT = iphoneos;
				SWIFT_COMPILATION_MODE = wholemodule;
				SWIFT_OPTIMIZATION_LEVEL = "-O";
				VALIDATE_PRODUCT = YES;
			};
			name = Release;
		};
		1905F9A228608C8900EEF365 /* Debug */ = {
			isa = XCBuildConfiguration;
			baseConfigurationReference = F8CEA5DC02FE6DE4EE6A19B1 /* Pods-planning-pocker.debug.xcconfig */;
			buildSettings = {
				ASSETCATALOG_COMPILER_APPICON_NAME = AppIcon;
				ASSETCATALOG_COMPILER_GLOBAL_ACCENT_COLOR_NAME = AccentColor;
				CODE_SIGN_STYLE = Automatic;
				CURRENT_PROJECT_VERSION = 1;
				DEVELOPMENT_TEAM = K6NVR2826P;
				GENERATE_INFOPLIST_FILE = YES;
				INFOPLIST_FILE = "planning-pocker/Resources/Info.plist";
				INFOPLIST_KEY_UIApplicationSupportsIndirectInputEvents = YES;
				INFOPLIST_KEY_UILaunchStoryboardName = StartLaunchScreen;
				INFOPLIST_KEY_UIMainStoryboardFile = Main;
				INFOPLIST_KEY_UISupportedInterfaceOrientations = UIInterfaceOrientationPortrait;
				INFOPLIST_KEY_UISupportedInterfaceOrientations_iPad = "UIInterfaceOrientationPortrait UIInterfaceOrientationPortraitUpsideDown UIInterfaceOrientationLandscapeLeft UIInterfaceOrientationLandscapeRight";
				INFOPLIST_KEY_UISupportedInterfaceOrientations_iPhone = "UIInterfaceOrientationPortrait UIInterfaceOrientationLandscapeLeft UIInterfaceOrientationLandscapeRight";
				IPHONEOS_DEPLOYMENT_TARGET = 13.0;
				LD_RUNPATH_SEARCH_PATHS = (
					"$(inherited)",
					"@executable_path/Frameworks",
				);
				MARKETING_VERSION = 1.0;
				PRODUCT_BUNDLE_IDENTIFIER = "com.visikard.planning-pocker";
				PRODUCT_NAME = "$(TARGET_NAME)";
				SWIFT_EMIT_LOC_STRINGS = YES;
				SWIFT_VERSION = 5.0;
				TARGETED_DEVICE_FAMILY = 1;
			};
			name = Debug;
		};
		1905F9A328608C8900EEF365 /* Release */ = {
			isa = XCBuildConfiguration;
			baseConfigurationReference = 05FFDA9C20FAB14AAEB84E97 /* Pods-planning-pocker.release.xcconfig */;
			buildSettings = {
				ASSETCATALOG_COMPILER_APPICON_NAME = AppIcon;
				ASSETCATALOG_COMPILER_GLOBAL_ACCENT_COLOR_NAME = AccentColor;
				CODE_SIGN_STYLE = Automatic;
				CURRENT_PROJECT_VERSION = 1;
				DEVELOPMENT_TEAM = K6NVR2826P;
				GENERATE_INFOPLIST_FILE = YES;
				INFOPLIST_FILE = "planning-pocker/Resources/Info.plist";
				INFOPLIST_KEY_UIApplicationSupportsIndirectInputEvents = YES;
				INFOPLIST_KEY_UILaunchStoryboardName = StartLaunchScreen;
				INFOPLIST_KEY_UIMainStoryboardFile = Main;
				INFOPLIST_KEY_UISupportedInterfaceOrientations = UIInterfaceOrientationPortrait;
				INFOPLIST_KEY_UISupportedInterfaceOrientations_iPad = "UIInterfaceOrientationPortrait UIInterfaceOrientationPortraitUpsideDown UIInterfaceOrientationLandscapeLeft UIInterfaceOrientationLandscapeRight";
				INFOPLIST_KEY_UISupportedInterfaceOrientations_iPhone = "UIInterfaceOrientationPortrait UIInterfaceOrientationLandscapeLeft UIInterfaceOrientationLandscapeRight";
				IPHONEOS_DEPLOYMENT_TARGET = 13.0;
				LD_RUNPATH_SEARCH_PATHS = (
					"$(inherited)",
					"@executable_path/Frameworks",
				);
				MARKETING_VERSION = 1.0;
				PRODUCT_BUNDLE_IDENTIFIER = "com.visikard.planning-pocker";
				PRODUCT_NAME = "$(TARGET_NAME)";
				SWIFT_EMIT_LOC_STRINGS = YES;
				SWIFT_VERSION = 5.0;
				TARGETED_DEVICE_FAMILY = 1;
			};
			name = Release;
		};
/* End XCBuildConfiguration section */

/* Begin XCConfigurationList section */
		1905F98828608C8800EEF365 /* Build configuration list for PBXProject "planning-pocker" */ = {
			isa = XCConfigurationList;
			buildConfigurations = (
				1905F99F28608C8900EEF365 /* Debug */,
				1905F9A028608C8900EEF365 /* Release */,
			);
			defaultConfigurationIsVisible = 0;
			defaultConfigurationName = Release;
		};
		1905F9A128608C8900EEF365 /* Build configuration list for PBXNativeTarget "planning-pocker" */ = {
			isa = XCConfigurationList;
			buildConfigurations = (
				1905F9A228608C8900EEF365 /* Debug */,
				1905F9A328608C8900EEF365 /* Release */,
			);
			defaultConfigurationIsVisible = 0;
			defaultConfigurationName = Release;
		};
/* End XCConfigurationList section */

/* Begin XCRemoteSwiftPackageReference section */
		192B1CEF28645A68004D9C26 /* XCRemoteSwiftPackageReference "firebase-ios-sdk" */ = {
			isa = XCRemoteSwiftPackageReference;
			repositoryURL = "https://github.com/firebase/firebase-ios-sdk";
			requirement = {
				kind = upToNextMajorVersion;
				minimumVersion = 9.0.0;
			};
		};
/* End XCRemoteSwiftPackageReference section */

/* Begin XCSwiftPackageProductDependency section */
		192B1CF028645A68004D9C26 /* FirebaseAnalytics */ = {
			isa = XCSwiftPackageProductDependency;
			package = 192B1CEF28645A68004D9C26 /* XCRemoteSwiftPackageReference "firebase-ios-sdk" */;
			productName = FirebaseAnalytics;
		};
		192B1CF228645A68004D9C26 /* FirebaseAppDistribution-Beta */ = {
			isa = XCSwiftPackageProductDependency;
			package = 192B1CEF28645A68004D9C26 /* XCRemoteSwiftPackageReference "firebase-ios-sdk" */;
			productName = "FirebaseAppDistribution-Beta";
		};
		192B1CF428645A68004D9C26 /* FirebaseCrashlytics */ = {
			isa = XCSwiftPackageProductDependency;
			package = 192B1CEF28645A68004D9C26 /* XCRemoteSwiftPackageReference "firebase-ios-sdk" */;
			productName = FirebaseCrashlytics;
		};
		192B1CF628645A68004D9C26 /* FirebaseDynamicLinks */ = {
			isa = XCSwiftPackageProductDependency;
			package = 192B1CEF28645A68004D9C26 /* XCRemoteSwiftPackageReference "firebase-ios-sdk" */;
			productName = FirebaseDynamicLinks;
		};
		192B1CF828645A68004D9C26 /* FirebaseMessaging */ = {
			isa = XCSwiftPackageProductDependency;
			package = 192B1CEF28645A68004D9C26 /* XCRemoteSwiftPackageReference "firebase-ios-sdk" */;
			productName = FirebaseMessaging;
		};
/* End XCSwiftPackageProductDependency section */
	};
	rootObject = 1905F98528608C8800EEF365 /* Project object */;
}
