// !$*UTF8*$!
{
	archiveVersion = 1;
	classes = {
	};
	objectVersion = 55;
	objects = {

/* Begin PBXBuildFile section */
		0E17A3FC2862E8E4002290E6 /* UserStore.swift in Sources */ = {isa = PBXBuildFile; fileRef = 0E17A3FB2862E8E4002290E6 /* UserStore.swift */; };
		0E17A3FE2862E980002290E6 /* Constants.swift in Sources */ = {isa = PBXBuildFile; fileRef = 0E17A3FD2862E980002290E6 /* Constants.swift */; };
		0EF7D1392862CA7900E8F787 /* AppUrls.swift in Sources */ = {isa = PBXBuildFile; fileRef = 0EF7D1382862CA7900E8F787 /* AppUrls.swift */; };
		1902CF3F2861ABE700E27B00 /* AppViewController.swift in Sources */ = {isa = PBXBuildFile; fileRef = 1902CF3E2861ABE700E27B00 /* AppViewController.swift */; };
		1905F99128608C8800EEF365 /* AppDelegate.swift in Sources */ = {isa = PBXBuildFile; fileRef = 1905F99028608C8800EEF365 /* AppDelegate.swift */; };
		1905F99328608C8800EEF365 /* SceneDelegate.swift in Sources */ = {isa = PBXBuildFile; fileRef = 1905F99228608C8800EEF365 /* SceneDelegate.swift */; };
		1905F99828608C8800EEF365 /* Main.storyboard in Resources */ = {isa = PBXBuildFile; fileRef = 1905F99628608C8800EEF365 /* Main.storyboard */; };
		1905F99A28608C8900EEF365 /* Assets.xcassets in Resources */ = {isa = PBXBuildFile; fileRef = 1905F99928608C8900EEF365 /* Assets.xcassets */; };
		1905F99D28608C8900EEF365 /* LaunchScreen.storyboard in Resources */ = {isa = PBXBuildFile; fileRef = 1905F99B28608C8900EEF365 /* LaunchScreen.storyboard */; };
		19B7C3902861AE3E0047A618 /* Navigator.swift in Sources */ = {isa = PBXBuildFile; fileRef = 19B7C38F2861AE3E0047A618 /* Navigator.swift */; };
		602CDBB128616BB400E2EA30 /* UIViewExtension.swift in Sources */ = {isa = PBXBuildFile; fileRef = 602CDBB028616BB400E2EA30 /* UIViewExtension.swift */; };
		602CDBB328616CBA00E2EA30 /* Icon.xcassets in Resources */ = {isa = PBXBuildFile; fileRef = 602CDBB228616CBA00E2EA30 /* Icon.xcassets */; };
		602CDBB928616D6D00E2EA30 /* SocketManager.swift in Sources */ = {isa = PBXBuildFile; fileRef = 602CDBB828616D6D00E2EA30 /* SocketManager.swift */; };
		602CDBBB28616DB100E2EA30 /* UIColorExtension.swift in Sources */ = {isa = PBXBuildFile; fileRef = 602CDBBA28616DB100E2EA30 /* UIColorExtension.swift */; };
		602CDBCD2861741800E2EA30 /* APIRouter.swift in Sources */ = {isa = PBXBuildFile; fileRef = 602CDBC62861741600E2EA30 /* APIRouter.swift */; };
		602CDBCE2861741800E2EA30 /* Configuration.swift in Sources */ = {isa = PBXBuildFile; fileRef = 602CDBC72861741700E2EA30 /* Configuration.swift */; };
		602CDBCF2861741800E2EA30 /* APIError.swift in Sources */ = {isa = PBXBuildFile; fileRef = 602CDBC82861741700E2EA30 /* APIError.swift */; };
		602CDBD02861741800E2EA30 /* Reachability.swift in Sources */ = {isa = PBXBuildFile; fileRef = 602CDBC92861741700E2EA30 /* Reachability.swift */; };
		602CDBD12861741800E2EA30 /* SwiftiJSON.swift in Sources */ = {isa = PBXBuildFile; fileRef = 602CDBCA2861741700E2EA30 /* SwiftiJSON.swift */; };
		602CDBD22861741800E2EA30 /* ProgressView.swift in Sources */ = {isa = PBXBuildFile; fileRef = 602CDBCB2861741700E2EA30 /* ProgressView.swift */; };
		602CDBD32861741800E2EA30 /* APIRequest.swift in Sources */ = {isa = PBXBuildFile; fileRef = 602CDBCC2861741800E2EA30 /* APIRequest.swift */; };
		602CDBD72861759700E2EA30 /* WelcomeViewController.swift in Sources */ = {isa = PBXBuildFile; fileRef = 602CDBD52861759700E2EA30 /* WelcomeViewController.swift */; };
		602CDBD82861759700E2EA30 /* WelcomeViewController.xib in Resources */ = {isa = PBXBuildFile; fileRef = 602CDBD62861759700E2EA30 /* WelcomeViewController.xib */; };
		602CDBDB2861762300E2EA30 /* StringExtension.swift in Sources */ = {isa = PBXBuildFile; fileRef = 602CDBDA2861762300E2EA30 /* StringExtension.swift */; };
		73366F4052E4C04E75BD5716 /* Pods_planning_pocker.framework in Frameworks */ = {isa = PBXBuildFile; fileRef = 43860CEF8286EACD0555BCDF /* Pods_planning_pocker.framework */; };
		9146BC8F286302D4001D4B7B /* UIClolor.swift in Sources */ = {isa = PBXBuildFile; fileRef = 9146BC8E286302D4001D4B7B /* UIClolor.swift */; };
		9146BC92286304CB001D4B7B /* Start Launch Screen.storyboard in Resources */ = {isa = PBXBuildFile; fileRef = 9146BC91286304CB001D4B7B /* Start Launch Screen.storyboard */; };
		9146BC992863071B001D4B7B /* SignInViewController.swift in Sources */ = {isa = PBXBuildFile; fileRef = 9146BC972863071B001D4B7B /* SignInViewController.swift */; };
		9146BC9A2863071B001D4B7B /* SignInViewController.xib in Resources */ = {isa = PBXBuildFile; fileRef = 9146BC982863071B001D4B7B /* SignInViewController.xib */; };
/* End PBXBuildFile section */

/* Begin PBXFileReference section */
		05FFDA9C20FAB14AAEB84E97 /* Pods-planning-pocker.release.xcconfig */ = {isa = PBXFileReference; includeInIndex = 1; lastKnownFileType = text.xcconfig; name = "Pods-planning-pocker.release.xcconfig"; path = "Target Support Files/Pods-planning-pocker/Pods-planning-pocker.release.xcconfig"; sourceTree = "<group>"; };
		0E17A3FB2862E8E4002290E6 /* UserStore.swift */ = {isa = PBXFileReference; lastKnownFileType = sourcecode.swift; path = UserStore.swift; sourceTree = "<group>"; };
		0E17A3FD2862E980002290E6 /* Constants.swift */ = {isa = PBXFileReference; lastKnownFileType = sourcecode.swift; path = Constants.swift; sourceTree = "<group>"; };
		0EF7D1382862CA7900E8F787 /* AppUrls.swift */ = {isa = PBXFileReference; lastKnownFileType = sourcecode.swift; path = AppUrls.swift; sourceTree = "<group>"; };
		1902CF3E2861ABE700E27B00 /* AppViewController.swift */ = {isa = PBXFileReference; lastKnownFileType = sourcecode.swift; path = AppViewController.swift; sourceTree = "<group>"; };
		1905F98D28608C8800EEF365 /* planning-pocker.app */ = {isa = PBXFileReference; explicitFileType = wrapper.application; includeInIndex = 0; path = "planning-pocker.app"; sourceTree = BUILT_PRODUCTS_DIR; };
		1905F99028608C8800EEF365 /* AppDelegate.swift */ = {isa = PBXFileReference; lastKnownFileType = sourcecode.swift; path = AppDelegate.swift; sourceTree = "<group>"; };
		1905F99228608C8800EEF365 /* SceneDelegate.swift */ = {isa = PBXFileReference; lastKnownFileType = sourcecode.swift; path = SceneDelegate.swift; sourceTree = "<group>"; };
		1905F99728608C8800EEF365 /* Base */ = {isa = PBXFileReference; lastKnownFileType = file.storyboard; name = Base; path = Base.lproj/Main.storyboard; sourceTree = "<group>"; };
		1905F99928608C8900EEF365 /* Assets.xcassets */ = {isa = PBXFileReference; lastKnownFileType = folder.assetcatalog; path = Assets.xcassets; sourceTree = "<group>"; };
		1905F99C28608C8900EEF365 /* Base */ = {isa = PBXFileReference; lastKnownFileType = file.storyboard; name = Base; path = Base.lproj/LaunchScreen.storyboard; sourceTree = "<group>"; };
		1905F99E28608C8900EEF365 /* Info.plist */ = {isa = PBXFileReference; lastKnownFileType = text.plist.xml; path = Info.plist; sourceTree = "<group>"; };
		19B7C38F2861AE3E0047A618 /* Navigator.swift */ = {isa = PBXFileReference; lastKnownFileType = sourcecode.swift; path = Navigator.swift; sourceTree = "<group>"; };
		43860CEF8286EACD0555BCDF /* Pods_planning_pocker.framework */ = {isa = PBXFileReference; explicitFileType = wrapper.framework; includeInIndex = 0; path = Pods_planning_pocker.framework; sourceTree = BUILT_PRODUCTS_DIR; };
		602CDBB028616BB400E2EA30 /* UIViewExtension.swift */ = {isa = PBXFileReference; lastKnownFileType = sourcecode.swift; path = UIViewExtension.swift; sourceTree = "<group>"; };
		602CDBB228616CBA00E2EA30 /* Icon.xcassets */ = {isa = PBXFileReference; lastKnownFileType = folder.assetcatalog; path = Icon.xcassets; sourceTree = "<group>"; };
		602CDBB828616D6D00E2EA30 /* SocketManager.swift */ = {isa = PBXFileReference; lastKnownFileType = sourcecode.swift; path = SocketManager.swift; sourceTree = "<group>"; };
		602CDBBA28616DB100E2EA30 /* UIColorExtension.swift */ = {isa = PBXFileReference; lastKnownFileType = sourcecode.swift; path = UIColorExtension.swift; sourceTree = "<group>"; };
		602CDBC62861741600E2EA30 /* APIRouter.swift */ = {isa = PBXFileReference; fileEncoding = 4; lastKnownFileType = sourcecode.swift; path = APIRouter.swift; sourceTree = "<group>"; };
		602CDBC72861741700E2EA30 /* Configuration.swift */ = {isa = PBXFileReference; fileEncoding = 4; lastKnownFileType = sourcecode.swift; path = Configuration.swift; sourceTree = "<group>"; };
		602CDBC82861741700E2EA30 /* APIError.swift */ = {isa = PBXFileReference; fileEncoding = 4; lastKnownFileType = sourcecode.swift; path = APIError.swift; sourceTree = "<group>"; };
		602CDBC92861741700E2EA30 /* Reachability.swift */ = {isa = PBXFileReference; fileEncoding = 4; lastKnownFileType = sourcecode.swift; path = Reachability.swift; sourceTree = "<group>"; };
		602CDBCA2861741700E2EA30 /* SwiftiJSON.swift */ = {isa = PBXFileReference; fileEncoding = 4; lastKnownFileType = sourcecode.swift; path = SwiftiJSON.swift; sourceTree = "<group>"; };
		602CDBCB2861741700E2EA30 /* ProgressView.swift */ = {isa = PBXFileReference; fileEncoding = 4; lastKnownFileType = sourcecode.swift; path = ProgressView.swift; sourceTree = "<group>"; };
		602CDBCC2861741800E2EA30 /* APIRequest.swift */ = {isa = PBXFileReference; fileEncoding = 4; lastKnownFileType = sourcecode.swift; path = APIRequest.swift; sourceTree = "<group>"; };
		602CDBD52861759700E2EA30 /* WelcomeViewController.swift */ = {isa = PBXFileReference; lastKnownFileType = sourcecode.swift; path = WelcomeViewController.swift; sourceTree = "<group>"; };
		602CDBD62861759700E2EA30 /* WelcomeViewController.xib */ = {isa = PBXFileReference; lastKnownFileType = file.xib; path = WelcomeViewController.xib; sourceTree = "<group>"; };
		602CDBDA2861762300E2EA30 /* StringExtension.swift */ = {isa = PBXFileReference; lastKnownFileType = sourcecode.swift; path = StringExtension.swift; sourceTree = "<group>"; };
		9146BC8E286302D4001D4B7B /* UIClolor.swift */ = {isa = PBXFileReference; lastKnownFileType = sourcecode.swift; path = UIClolor.swift; sourceTree = "<group>"; };
		9146BC91286304CB001D4B7B /* Start Launch Screen.storyboard */ = {isa = PBXFileReference; lastKnownFileType = file.storyboard; path = "Start Launch Screen.storyboard"; sourceTree = "<group>"; };
		9146BC972863071B001D4B7B /* SignInViewController.swift */ = {isa = PBXFileReference; lastKnownFileType = sourcecode.swift; path = SignInViewController.swift; sourceTree = "<group>"; };
		9146BC982863071B001D4B7B /* SignInViewController.xib */ = {isa = PBXFileReference; lastKnownFileType = file.xib; path = SignInViewController.xib; sourceTree = "<group>"; };
		F8CEA5DC02FE6DE4EE6A19B1 /* Pods-planning-pocker.debug.xcconfig */ = {isa = PBXFileReference; includeInIndex = 1; lastKnownFileType = text.xcconfig; name = "Pods-planning-pocker.debug.xcconfig"; path = "Target Support Files/Pods-planning-pocker/Pods-planning-pocker.debug.xcconfig"; sourceTree = "<group>"; };
/* End PBXFileReference section */

/* Begin PBXFrameworksBuildPhase section */
		1905F98A28608C8800EEF365 /* Frameworks */ = {
			isa = PBXFrameworksBuildPhase;
			buildActionMask = 2147483647;
			files = (
				73366F4052E4C04E75BD5716 /* Pods_planning_pocker.framework in Frameworks */,
			);
			runOnlyForDeploymentPostprocessing = 0;
		};
/* End PBXFrameworksBuildPhase section */

/* Begin PBXGroup section */
		0EF7D1372862CA4400E8F787 /* Utilities */ = {
			isa = PBXGroup;
			children = (
				0EF7D1382862CA7900E8F787 /* AppUrls.swift */,
				0E17A3FD2862E980002290E6 /* Constants.swift */,
			);
			path = Utilities;
			sourceTree = "<group>";
		};
		1905F98428608C8800EEF365 = {
			isa = PBXGroup;
			children = (
				1905F98F28608C8800EEF365 /* planning-pocker */,
				1905F98E28608C8800EEF365 /* Products */,
				1DB4DC11EE4991B185A1656B /* Pods */,
				BD497E40229F63C77765F996 /* Frameworks */,
			);
			sourceTree = "<group>";
		};
		1905F98E28608C8800EEF365 /* Products */ = {
			isa = PBXGroup;
			children = (
				1905F98D28608C8800EEF365 /* planning-pocker.app */,
			);
			name = Products;
			sourceTree = "<group>";
		};
		1905F98F28608C8800EEF365 /* planning-pocker */ = {
			isa = PBXGroup;
			children = (
				602CDBA02861666B00E2EA30 /* Applications */,
				602CDBD42861752900E2EA30 /* Common */,
				602CDB912861613500E2EA30 /* Scenes */,
				602CDB8528615D6F00E2EA30 /* Managers */,
				602CDB9F286165AB00E2EA30 /* Resources */,
				0EF7D1372862CA4400E8F787 /* Utilities */,
				602CDB4A28615B6000E2EA30 /* Extentions */,
			);
			path = "planning-pocker";
			sourceTree = "<group>";
		};
		1DB4DC11EE4991B185A1656B /* Pods */ = {
			isa = PBXGroup;
			children = (
				F8CEA5DC02FE6DE4EE6A19B1 /* Pods-planning-pocker.debug.xcconfig */,
				05FFDA9C20FAB14AAEB84E97 /* Pods-planning-pocker.release.xcconfig */,
			);
			path = Pods;
			sourceTree = "<group>";
		};
		602CDB4A28615B6000E2EA30 /* Extentions */ = {
			isa = PBXGroup;
			children = (
				602CDB6C28615C1500E2EA30 /* Foundation */,
				602CDB6A28615C1500E2EA30 /* UIColor */,
				602CDB6D28615C1500E2EA30 /* UIView */,
			);
			path = Extentions;
			sourceTree = "<group>";
		};
		602CDB6A28615C1500E2EA30 /* UIColor */ = {
			isa = PBXGroup;
			children = (
			);
			path = UIColor;
			sourceTree = "<group>";
		};
		602CDB6C28615C1500E2EA30 /* Foundation */ = {
			isa = PBXGroup;
			children = (
				602CDBDA2861762300E2EA30 /* StringExtension.swift */,
			);
			path = Foundation;
			sourceTree = "<group>";
		};
		602CDB6D28615C1500E2EA30 /* UIView */ = {
			isa = PBXGroup;
			children = (
				602CDBB028616BB400E2EA30 /* UIViewExtension.swift */,
				602CDBBA28616DB100E2EA30 /* UIColorExtension.swift */,
			);
			path = UIView;
			sourceTree = "<group>";
		};
		602CDB8528615D6F00E2EA30 /* Managers */ = {
			isa = PBXGroup;
			children = (
				602CDB952861633C00E2EA30 /* Networking */,
				602CDBAD28616B5400E2EA30 /* SocketIO */,
			);
			path = Managers;
			sourceTree = "<group>";
		};
		602CDB912861613500E2EA30 /* Scenes */ = {
			isa = PBXGroup;
			children = (
				9146BC93286306AB001D4B7B /* SignIn */,
				9146BC90286304B0001D4B7B /* Launch */,
				602CDBA528616ADB00E2EA30 /* Welcome */,
				9146BC8E286302D4001D4B7B /* UIClolor.swift */,
			);
			path = Scenes;
			sourceTree = "<group>";
		};
		602CDB952861633C00E2EA30 /* Networking */ = {
			isa = PBXGroup;
			children = (
				602CDBC82861741700E2EA30 /* APIError.swift */,
				602CDBCC2861741800E2EA30 /* APIRequest.swift */,
				602CDBC62861741600E2EA30 /* APIRouter.swift */,
			);
			path = Networking;
			sourceTree = "<group>";
		};
		602CDB9F286165AB00E2EA30 /* Resources */ = {
			isa = PBXGroup;
			children = (
				1905F99928608C8900EEF365 /* Assets.xcassets */,
				602CDBB228616CBA00E2EA30 /* Icon.xcassets */,
				1905F99E28608C8900EEF365 /* Info.plist */,
			);
			path = Resources;
			sourceTree = "<group>";
		};
		602CDBA02861666B00E2EA30 /* Applications */ = {
			isa = PBXGroup;
			children = (
				1905F99028608C8800EEF365 /* AppDelegate.swift */,
				1905F99228608C8800EEF365 /* SceneDelegate.swift */,
				1902CF3E2861ABE700E27B00 /* AppViewController.swift */,
				19B7C38F2861AE3E0047A618 /* Navigator.swift */,
				1905F99B28608C8900EEF365 /* LaunchScreen.storyboard */,
				1905F99628608C8800EEF365 /* Main.storyboard */,
			);
			path = Applications;
			sourceTree = "<group>";
		};
		602CDBA528616ADB00E2EA30 /* Welcome */ = {
			isa = PBXGroup;
			children = (
				602CDBA828616B2200E2EA30 /* ViewControllers */,
				602CDBA728616B1300E2EA30 /* Views */,
				602CDBA628616AF600E2EA30 /* Models */,
			);
			path = Welcome;
			sourceTree = "<group>";
		};
		602CDBA628616AF600E2EA30 /* Models */ = {
			isa = PBXGroup;
			children = (
			);
			path = Models;
			sourceTree = "<group>";
		};
		602CDBA728616B1300E2EA30 /* Views */ = {
			isa = PBXGroup;
			children = (
			);
			path = Views;
			sourceTree = "<group>";
		};
		602CDBA828616B2200E2EA30 /* ViewControllers */ = {
			isa = PBXGroup;
			children = (
				602CDBD52861759700E2EA30 /* WelcomeViewController.swift */,
				602CDBD62861759700E2EA30 /* WelcomeViewController.xib */,
			);
			path = ViewControllers;
			sourceTree = "<group>";
		};
		602CDBAD28616B5400E2EA30 /* SocketIO */ = {
			isa = PBXGroup;
			children = (
				602CDBB828616D6D00E2EA30 /* SocketManager.swift */,
				0E17A3FB2862E8E4002290E6 /* UserStore.swift */,
			);
			path = SocketIO;
			sourceTree = "<group>";
		};
		602CDBD42861752900E2EA30 /* Common */ = {
			isa = PBXGroup;
			children = (
				602CDBC72861741700E2EA30 /* Configuration.swift */,
				602CDBCB2861741700E2EA30 /* ProgressView.swift */,
				602CDBC92861741700E2EA30 /* Reachability.swift */,
				602CDBCA2861741700E2EA30 /* SwiftiJSON.swift */,
			);
			path = Common;
			sourceTree = "<group>";
		};
		9146BC90286304B0001D4B7B /* Launch */ = {
			isa = PBXGroup;
			children = (
				9146BC91286304CB001D4B7B /* Start Launch Screen.storyboard */,
			);
			path = Launch;
			sourceTree = "<group>";
		};
		9146BC93286306AB001D4B7B /* SignIn */ = {
			isa = PBXGroup;
			children = (
				9146BC96286306F4001D4B7B /* Models */,
				9146BC94286306D4001D4B7B /* ViewControllers */,
				9146BC95286306EB001D4B7B /* Views */,
			);
			path = SignIn;
			sourceTree = "<group>";
		};
		9146BC94286306D4001D4B7B /* ViewControllers */ = {
			isa = PBXGroup;
			children = (
				9146BC972863071B001D4B7B /* SignInViewController.swift */,
				9146BC982863071B001D4B7B /* SignInViewController.xib */,
			);
			path = ViewControllers;
			sourceTree = "<group>";
		};
		9146BC95286306EB001D4B7B /* Views */ = {
			isa = PBXGroup;
			children = (
			);
			path = Views;
			sourceTree = "<group>";
		};
		9146BC96286306F4001D4B7B /* Models */ = {
			isa = PBXGroup;
			children = (
			);
			path = Models;
			sourceTree = "<group>";
		};
		BD497E40229F63C77765F996 /* Frameworks */ = {
			isa = PBXGroup;
			children = (
				43860CEF8286EACD0555BCDF /* Pods_planning_pocker.framework */,
			);
			name = Frameworks;
			sourceTree = "<group>";
		};
/* End PBXGroup section */

/* Begin PBXNativeTarget section */
		1905F98C28608C8800EEF365 /* planning-pocker */ = {
			isa = PBXNativeTarget;
			buildConfigurationList = 1905F9A128608C8900EEF365 /* Build configuration list for PBXNativeTarget "planning-pocker" */;
			buildPhases = (
				05B8E0F50E076445125C986E /* [CP] Check Pods Manifest.lock */,
				19B7C3912861B02F0047A618 /* Swiftlint Script */,
				1905F98928608C8800EEF365 /* Sources */,
				1905F98A28608C8800EEF365 /* Frameworks */,
				1905F98B28608C8800EEF365 /* Resources */,
				4F647636475A3C173A087363 /* [CP] Embed Pods Frameworks */,
			);
			buildRules = (
			);
			dependencies = (
			);
			name = "planning-pocker";
			productName = "planning-pocker";
			productReference = 1905F98D28608C8800EEF365 /* planning-pocker.app */;
			productType = "com.apple.product-type.application";
		};
/* End PBXNativeTarget section */

/* Begin PBXProject section */
		1905F98528608C8800EEF365 /* Project object */ = {
			isa = PBXProject;
			attributes = {
				BuildIndependentTargetsInParallel = 1;
				LastSwiftUpdateCheck = 1330;
				LastUpgradeCheck = 1330;
				TargetAttributes = {
					1905F98C28608C8800EEF365 = {
						CreatedOnToolsVersion = 13.3.1;
					};
				};
			};
			buildConfigurationList = 1905F98828608C8800EEF365 /* Build configuration list for PBXProject "planning-pocker" */;
			compatibilityVersion = "Xcode 13.0";
			developmentRegion = en;
			hasScannedForEncodings = 0;
			knownRegions = (
				en,
				Base,
			);
			mainGroup = 1905F98428608C8800EEF365;
			productRefGroup = 1905F98E28608C8800EEF365 /* Products */;
			projectDirPath = "";
			projectRoot = "";
			targets = (
				1905F98C28608C8800EEF365 /* planning-pocker */,
			);
		};
/* End PBXProject section */

/* Begin PBXResourcesBuildPhase section */
		1905F98B28608C8800EEF365 /* Resources */ = {
			isa = PBXResourcesBuildPhase;
			buildActionMask = 2147483647;
			files = (
				602CDBD82861759700E2EA30 /* WelcomeViewController.xib in Resources */,
				1905F99D28608C8900EEF365 /* LaunchScreen.storyboard in Resources */,
				1905F99A28608C8900EEF365 /* Assets.xcassets in Resources */,
				602CDBB328616CBA00E2EA30 /* Icon.xcassets in Resources */,
				9146BC9A2863071B001D4B7B /* SignInViewController.xib in Resources */,
				9146BC92286304CB001D4B7B /* Start Launch Screen.storyboard in Resources */,
				1905F99828608C8800EEF365 /* Main.storyboard in Resources */,
			);
			runOnlyForDeploymentPostprocessing = 0;
		};
/* End PBXResourcesBuildPhase section */

/* Begin PBXShellScriptBuildPhase section */
		05B8E0F50E076445125C986E /* [CP] Check Pods Manifest.lock */ = {
			isa = PBXShellScriptBuildPhase;
			buildActionMask = 2147483647;
			files = (
			);
			inputFileListPaths = (
			);
			inputPaths = (
				"${PODS_PODFILE_DIR_PATH}/Podfile.lock",
				"${PODS_ROOT}/Manifest.lock",
			);
			name = "[CP] Check Pods Manifest.lock";
			outputFileListPaths = (
			);
			outputPaths = (
				"$(DERIVED_FILE_DIR)/Pods-planning-pocker-checkManifestLockResult.txt",
			);
			runOnlyForDeploymentPostprocessing = 0;
			shellPath = /bin/sh;
			shellScript = "diff \"${PODS_PODFILE_DIR_PATH}/Podfile.lock\" \"${PODS_ROOT}/Manifest.lock\" > /dev/null\nif [ $? != 0 ] ; then\n    # print error to STDERR\n    echo \"error: The sandbox is not in sync with the Podfile.lock. Run 'pod install' or update your CocoaPods installation.\" >&2\n    exit 1\nfi\n# This output is used by Xcode 'outputs' to avoid re-running this script phase.\necho \"SUCCESS\" > \"${SCRIPT_OUTPUT_FILE_0}\"\n";
			showEnvVarsInLog = 0;
		};
		19B7C3912861B02F0047A618 /* Swiftlint Script */ = {
			isa = PBXShellScriptBuildPhase;
			buildActionMask = 2147483647;
			files = (
			);
			inputFileListPaths = (
			);
			inputPaths = (
			);
			name = "Swiftlint Script";
			outputFileListPaths = (
			);
			outputPaths = (
			);
			runOnlyForDeploymentPostprocessing = 0;
			shellPath = /bin/sh;
			shellScript = "export PATH=\"$PATH:/opt/homebrew/bin\"\nif which swiftlint > /dev/null; then\n  swiftlint\nelse\n  echo \"warning: SwiftLint not installed, download from https://github.com/realm/SwiftLint\"\nfi\n";
		};
		4F647636475A3C173A087363 /* [CP] Embed Pods Frameworks */ = {
			isa = PBXShellScriptBuildPhase;
			buildActionMask = 2147483647;
			files = (
			);
			inputFileListPaths = (
				"${PODS_ROOT}/Target Support Files/Pods-planning-pocker/Pods-planning-pocker-frameworks-${CONFIGURATION}-input-files.xcfilelist",
			);
			name = "[CP] Embed Pods Frameworks";
			outputFileListPaths = (
				"${PODS_ROOT}/Target Support Files/Pods-planning-pocker/Pods-planning-pocker-frameworks-${CONFIGURATION}-output-files.xcfilelist",
			);
			runOnlyForDeploymentPostprocessing = 0;
			shellPath = /bin/sh;
			shellScript = "\"${PODS_ROOT}/Target Support Files/Pods-planning-pocker/Pods-planning-pocker-frameworks.sh\"\n";
			showEnvVarsInLog = 0;
		};
/* End PBXShellScriptBuildPhase section */

/* Begin PBXSourcesBuildPhase section */
		1905F98928608C8800EEF365 /* Sources */ = {
			isa = PBXSourcesBuildPhase;
			buildActionMask = 2147483647;
			files = (
				602CDBB128616BB400E2EA30 /* UIViewExtension.swift in Sources */,
				0EF7D1392862CA7900E8F787 /* AppUrls.swift in Sources */,
				602CDBB928616D6D00E2EA30 /* SocketManager.swift in Sources */,
				1902CF3F2861ABE700E27B00 /* AppViewController.swift in Sources */,
				602CDBDB2861762300E2EA30 /* StringExtension.swift in Sources */,
				9146BC8F286302D4001D4B7B /* UIClolor.swift in Sources */,
				602CDBD12861741800E2EA30 /* SwiftiJSON.swift in Sources */,
				0E17A3FC2862E8E4002290E6 /* UserStore.swift in Sources */,
				19B7C3902861AE3E0047A618 /* Navigator.swift in Sources */,
				602CDBCF2861741800E2EA30 /* APIError.swift in Sources */,
				602CDBCE2861741800E2EA30 /* Configuration.swift in Sources */,
				1905F99128608C8800EEF365 /* AppDelegate.swift in Sources */,
				602CDBBB28616DB100E2EA30 /* UIColorExtension.swift in Sources */,
				602CDBD32861741800E2EA30 /* APIRequest.swift in Sources */,
				602CDBD02861741800E2EA30 /* Reachability.swift in Sources */,
				602CDBCD2861741800E2EA30 /* APIRouter.swift in Sources */,
<<<<<<< HEAD
				9146BC992863071B001D4B7B /* SignInViewController.swift in Sources */,
=======
				0E17A3FE2862E980002290E6 /* Constants.swift in Sources */,
>>>>>>> sprint1
				1905F99328608C8800EEF365 /* SceneDelegate.swift in Sources */,
				602CDBD22861741800E2EA30 /* ProgressView.swift in Sources */,
				602CDBD72861759700E2EA30 /* WelcomeViewController.swift in Sources */,
			);
			runOnlyForDeploymentPostprocessing = 0;
		};
/* End PBXSourcesBuildPhase section */

/* Begin PBXVariantGroup section */
		1905F99628608C8800EEF365 /* Main.storyboard */ = {
			isa = PBXVariantGroup;
			children = (
				1905F99728608C8800EEF365 /* Base */,
			);
			name = Main.storyboard;
			sourceTree = "<group>";
		};
		1905F99B28608C8900EEF365 /* LaunchScreen.storyboard */ = {
			isa = PBXVariantGroup;
			children = (
				1905F99C28608C8900EEF365 /* Base */,
			);
			name = LaunchScreen.storyboard;
			sourceTree = "<group>";
		};
/* End PBXVariantGroup section */

/* Begin XCBuildConfiguration section */
		1905F99F28608C8900EEF365 /* Debug */ = {
			isa = XCBuildConfiguration;
			buildSettings = {
				ALWAYS_SEARCH_USER_PATHS = NO;
				CLANG_ANALYZER_NONNULL = YES;
				CLANG_ANALYZER_NUMBER_OBJECT_CONVERSION = YES_AGGRESSIVE;
				CLANG_CXX_LANGUAGE_STANDARD = "gnu++17";
				CLANG_ENABLE_MODULES = YES;
				CLANG_ENABLE_OBJC_ARC = YES;
				CLANG_ENABLE_OBJC_WEAK = YES;
				CLANG_WARN_BLOCK_CAPTURE_AUTORELEASING = YES;
				CLANG_WARN_BOOL_CONVERSION = YES;
				CLANG_WARN_COMMA = YES;
				CLANG_WARN_CONSTANT_CONVERSION = YES;
				CLANG_WARN_DEPRECATED_OBJC_IMPLEMENTATIONS = YES;
				CLANG_WARN_DIRECT_OBJC_ISA_USAGE = YES_ERROR;
				CLANG_WARN_DOCUMENTATION_COMMENTS = YES;
				CLANG_WARN_EMPTY_BODY = YES;
				CLANG_WARN_ENUM_CONVERSION = YES;
				CLANG_WARN_INFINITE_RECURSION = YES;
				CLANG_WARN_INT_CONVERSION = YES;
				CLANG_WARN_NON_LITERAL_NULL_CONVERSION = YES;
				CLANG_WARN_OBJC_IMPLICIT_RETAIN_SELF = YES;
				CLANG_WARN_OBJC_LITERAL_CONVERSION = YES;
				CLANG_WARN_OBJC_ROOT_CLASS = YES_ERROR;
				CLANG_WARN_QUOTED_INCLUDE_IN_FRAMEWORK_HEADER = YES;
				CLANG_WARN_RANGE_LOOP_ANALYSIS = YES;
				CLANG_WARN_STRICT_PROTOTYPES = YES;
				CLANG_WARN_SUSPICIOUS_MOVE = YES;
				CLANG_WARN_UNGUARDED_AVAILABILITY = YES_AGGRESSIVE;
				CLANG_WARN_UNREACHABLE_CODE = YES;
				CLANG_WARN__DUPLICATE_METHOD_MATCH = YES;
				COPY_PHASE_STRIP = NO;
				DEBUG_INFORMATION_FORMAT = dwarf;
				ENABLE_STRICT_OBJC_MSGSEND = YES;
				ENABLE_TESTABILITY = YES;
				GCC_C_LANGUAGE_STANDARD = gnu11;
				GCC_DYNAMIC_NO_PIC = NO;
				GCC_NO_COMMON_BLOCKS = YES;
				GCC_OPTIMIZATION_LEVEL = 0;
				GCC_PREPROCESSOR_DEFINITIONS = (
					"DEBUG=1",
					"$(inherited)",
				);
				GCC_WARN_64_TO_32_BIT_CONVERSION = YES;
				GCC_WARN_ABOUT_RETURN_TYPE = YES_ERROR;
				GCC_WARN_UNDECLARED_SELECTOR = YES;
				GCC_WARN_UNINITIALIZED_AUTOS = YES_AGGRESSIVE;
				GCC_WARN_UNUSED_FUNCTION = YES;
				GCC_WARN_UNUSED_VARIABLE = YES;
				IPHONEOS_DEPLOYMENT_TARGET = 15.4;
				MTL_ENABLE_DEBUG_INFO = INCLUDE_SOURCE;
				MTL_FAST_MATH = YES;
				ONLY_ACTIVE_ARCH = YES;
				SDKROOT = iphoneos;
				SWIFT_ACTIVE_COMPILATION_CONDITIONS = DEBUG;
				SWIFT_OPTIMIZATION_LEVEL = "-Onone";
			};
			name = Debug;
		};
		1905F9A028608C8900EEF365 /* Release */ = {
			isa = XCBuildConfiguration;
			buildSettings = {
				ALWAYS_SEARCH_USER_PATHS = NO;
				CLANG_ANALYZER_NONNULL = YES;
				CLANG_ANALYZER_NUMBER_OBJECT_CONVERSION = YES_AGGRESSIVE;
				CLANG_CXX_LANGUAGE_STANDARD = "gnu++17";
				CLANG_ENABLE_MODULES = YES;
				CLANG_ENABLE_OBJC_ARC = YES;
				CLANG_ENABLE_OBJC_WEAK = YES;
				CLANG_WARN_BLOCK_CAPTURE_AUTORELEASING = YES;
				CLANG_WARN_BOOL_CONVERSION = YES;
				CLANG_WARN_COMMA = YES;
				CLANG_WARN_CONSTANT_CONVERSION = YES;
				CLANG_WARN_DEPRECATED_OBJC_IMPLEMENTATIONS = YES;
				CLANG_WARN_DIRECT_OBJC_ISA_USAGE = YES_ERROR;
				CLANG_WARN_DOCUMENTATION_COMMENTS = YES;
				CLANG_WARN_EMPTY_BODY = YES;
				CLANG_WARN_ENUM_CONVERSION = YES;
				CLANG_WARN_INFINITE_RECURSION = YES;
				CLANG_WARN_INT_CONVERSION = YES;
				CLANG_WARN_NON_LITERAL_NULL_CONVERSION = YES;
				CLANG_WARN_OBJC_IMPLICIT_RETAIN_SELF = YES;
				CLANG_WARN_OBJC_LITERAL_CONVERSION = YES;
				CLANG_WARN_OBJC_ROOT_CLASS = YES_ERROR;
				CLANG_WARN_QUOTED_INCLUDE_IN_FRAMEWORK_HEADER = YES;
				CLANG_WARN_RANGE_LOOP_ANALYSIS = YES;
				CLANG_WARN_STRICT_PROTOTYPES = YES;
				CLANG_WARN_SUSPICIOUS_MOVE = YES;
				CLANG_WARN_UNGUARDED_AVAILABILITY = YES_AGGRESSIVE;
				CLANG_WARN_UNREACHABLE_CODE = YES;
				CLANG_WARN__DUPLICATE_METHOD_MATCH = YES;
				COPY_PHASE_STRIP = NO;
				DEBUG_INFORMATION_FORMAT = "dwarf-with-dsym";
				ENABLE_NS_ASSERTIONS = NO;
				ENABLE_STRICT_OBJC_MSGSEND = YES;
				GCC_C_LANGUAGE_STANDARD = gnu11;
				GCC_NO_COMMON_BLOCKS = YES;
				GCC_WARN_64_TO_32_BIT_CONVERSION = YES;
				GCC_WARN_ABOUT_RETURN_TYPE = YES_ERROR;
				GCC_WARN_UNDECLARED_SELECTOR = YES;
				GCC_WARN_UNINITIALIZED_AUTOS = YES_AGGRESSIVE;
				GCC_WARN_UNUSED_FUNCTION = YES;
				GCC_WARN_UNUSED_VARIABLE = YES;
				IPHONEOS_DEPLOYMENT_TARGET = 15.4;
				MTL_ENABLE_DEBUG_INFO = NO;
				MTL_FAST_MATH = YES;
				SDKROOT = iphoneos;
				SWIFT_COMPILATION_MODE = wholemodule;
				SWIFT_OPTIMIZATION_LEVEL = "-O";
				VALIDATE_PRODUCT = YES;
			};
			name = Release;
		};
		1905F9A228608C8900EEF365 /* Debug */ = {
			isa = XCBuildConfiguration;
			baseConfigurationReference = F8CEA5DC02FE6DE4EE6A19B1 /* Pods-planning-pocker.debug.xcconfig */;
			buildSettings = {
				ASSETCATALOG_COMPILER_APPICON_NAME = AppIcon;
				ASSETCATALOG_COMPILER_GLOBAL_ACCENT_COLOR_NAME = AccentColor;
				CODE_SIGN_STYLE = Automatic;
				CURRENT_PROJECT_VERSION = 1;
				DEVELOPMENT_TEAM = K6NVR2826P;
				GENERATE_INFOPLIST_FILE = YES;
				INFOPLIST_FILE = "planning-pocker/Resources/Info.plist";
				INFOPLIST_KEY_UIApplicationSupportsIndirectInputEvents = YES;
				INFOPLIST_KEY_UILaunchStoryboardName = "Start Launch Screen";
				INFOPLIST_KEY_UIMainStoryboardFile = Main;
				INFOPLIST_KEY_UISupportedInterfaceOrientations = UIInterfaceOrientationPortrait;
				INFOPLIST_KEY_UISupportedInterfaceOrientations_iPad = "UIInterfaceOrientationPortrait UIInterfaceOrientationPortraitUpsideDown UIInterfaceOrientationLandscapeLeft UIInterfaceOrientationLandscapeRight";
				INFOPLIST_KEY_UISupportedInterfaceOrientations_iPhone = "UIInterfaceOrientationPortrait UIInterfaceOrientationLandscapeLeft UIInterfaceOrientationLandscapeRight";
				IPHONEOS_DEPLOYMENT_TARGET = 13.0;
				LD_RUNPATH_SEARCH_PATHS = (
					"$(inherited)",
					"@executable_path/Frameworks",
				);
				MARKETING_VERSION = 1.0;
				PRODUCT_BUNDLE_IDENTIFIER = "com.visikard.planning-pocker";
				PRODUCT_NAME = "$(TARGET_NAME)";
				SWIFT_EMIT_LOC_STRINGS = YES;
				SWIFT_VERSION = 5.0;
				TARGETED_DEVICE_FAMILY = 1;
			};
			name = Debug;
		};
		1905F9A328608C8900EEF365 /* Release */ = {
			isa = XCBuildConfiguration;
			baseConfigurationReference = 05FFDA9C20FAB14AAEB84E97 /* Pods-planning-pocker.release.xcconfig */;
			buildSettings = {
				ASSETCATALOG_COMPILER_APPICON_NAME = AppIcon;
				ASSETCATALOG_COMPILER_GLOBAL_ACCENT_COLOR_NAME = AccentColor;
				CODE_SIGN_STYLE = Automatic;
				CURRENT_PROJECT_VERSION = 1;
				DEVELOPMENT_TEAM = K6NVR2826P;
				GENERATE_INFOPLIST_FILE = YES;
				INFOPLIST_FILE = "planning-pocker/Resources/Info.plist";
				INFOPLIST_KEY_UIApplicationSupportsIndirectInputEvents = YES;
				INFOPLIST_KEY_UILaunchStoryboardName = "Start Launch Screen";
				INFOPLIST_KEY_UIMainStoryboardFile = Main;
				INFOPLIST_KEY_UISupportedInterfaceOrientations = UIInterfaceOrientationPortrait;
				INFOPLIST_KEY_UISupportedInterfaceOrientations_iPad = "UIInterfaceOrientationPortrait UIInterfaceOrientationPortraitUpsideDown UIInterfaceOrientationLandscapeLeft UIInterfaceOrientationLandscapeRight";
				INFOPLIST_KEY_UISupportedInterfaceOrientations_iPhone = "UIInterfaceOrientationPortrait UIInterfaceOrientationLandscapeLeft UIInterfaceOrientationLandscapeRight";
				IPHONEOS_DEPLOYMENT_TARGET = 13.0;
				LD_RUNPATH_SEARCH_PATHS = (
					"$(inherited)",
					"@executable_path/Frameworks",
				);
				MARKETING_VERSION = 1.0;
				PRODUCT_BUNDLE_IDENTIFIER = "com.visikard.planning-pocker";
				PRODUCT_NAME = "$(TARGET_NAME)";
				SWIFT_EMIT_LOC_STRINGS = YES;
				SWIFT_VERSION = 5.0;
				TARGETED_DEVICE_FAMILY = 1;
			};
			name = Release;
		};
/* End XCBuildConfiguration section */

/* Begin XCConfigurationList section */
		1905F98828608C8800EEF365 /* Build configuration list for PBXProject "planning-pocker" */ = {
			isa = XCConfigurationList;
			buildConfigurations = (
				1905F99F28608C8900EEF365 /* Debug */,
				1905F9A028608C8900EEF365 /* Release */,
			);
			defaultConfigurationIsVisible = 0;
			defaultConfigurationName = Release;
		};
		1905F9A128608C8900EEF365 /* Build configuration list for PBXNativeTarget "planning-pocker" */ = {
			isa = XCConfigurationList;
			buildConfigurations = (
				1905F9A228608C8900EEF365 /* Debug */,
				1905F9A328608C8900EEF365 /* Release */,
			);
			defaultConfigurationIsVisible = 0;
			defaultConfigurationName = Release;
		};
/* End XCConfigurationList section */
	};
	rootObject = 1905F98528608C8800EEF365 /* Project object */;
}
